// !$*UTF8*$!
{
	archiveVersion = 1;
	classes = {
	};
	objectVersion = 46;
	objects = {

/* Begin PBXBuildFile section */
		AF47BD1B1CC58082004BBB9B /* AppDelegate.swift in Sources */ = {isa = PBXBuildFile; fileRef = AF47BD1A1CC58082004BBB9B /* AppDelegate.swift */; };
		AF47BD1D1CC58082004BBB9B /* HomeViewController.swift in Sources */ = {isa = PBXBuildFile; fileRef = AF47BD1C1CC58082004BBB9B /* HomeViewController.swift */; };
		AF47BD201CC58082004BBB9B /* Main.storyboard in Resources */ = {isa = PBXBuildFile; fileRef = AF47BD1E1CC58082004BBB9B /* Main.storyboard */; };
		AF47BD231CC58082004BBB9B /* closetX.xcdatamodeld in Sources */ = {isa = PBXBuildFile; fileRef = AF47BD211CC58082004BBB9B /* closetX.xcdatamodeld */; };
		AF47BD251CC58082004BBB9B /* Assets.xcassets in Resources */ = {isa = PBXBuildFile; fileRef = AF47BD241CC58082004BBB9B /* Assets.xcassets */; };
		AF47BD281CC58082004BBB9B /* LaunchScreen.storyboard in Resources */ = {isa = PBXBuildFile; fileRef = AF47BD261CC58082004BBB9B /* LaunchScreen.storyboard */; };
		AF47BD3C1CC7F213004BBB9B /* User+CoreDataProperties.m in Sources */ = {isa = PBXBuildFile; fileRef = AF47BD351CC7F213004BBB9B /* User+CoreDataProperties.m */; };
		AF47BD3D1CC7F213004BBB9B /* User.m in Sources */ = {isa = PBXBuildFile; fileRef = AF47BD371CC7F213004BBB9B /* User.m */; };
		AF47BD3E1CC7F213004BBB9B /* Item+CoreDataProperties.m in Sources */ = {isa = PBXBuildFile; fileRef = AF47BD391CC7F213004BBB9B /* Item+CoreDataProperties.m */; };
		AF47BD3F1CC7F213004BBB9B /* Item.m in Sources */ = {isa = PBXBuildFile; fileRef = AF47BD3B1CC7F213004BBB9B /* Item.m */; };
		AF47BD431CC7F286004BBB9B /* ProfileViewController.swift in Sources */ = {isa = PBXBuildFile; fileRef = AF47BD421CC7F286004BBB9B /* ProfileViewController.swift */; };
		AF47BD451CC7F29A004BBB9B /* FollowingViewController.swift in Sources */ = {isa = PBXBuildFile; fileRef = AF47BD441CC7F29A004BBB9B /* FollowingViewController.swift */; };
		AF47BD471CC7F2A2004BBB9B /* CategoryViewController.swift in Sources */ = {isa = PBXBuildFile; fileRef = AF47BD461CC7F2A2004BBB9B /* CategoryViewController.swift */; };
		AF47BD491CC7F2A8004BBB9B /* UploadViewController.swift in Sources */ = {isa = PBXBuildFile; fileRef = AF47BD481CC7F2A8004BBB9B /* UploadViewController.swift */; };
		AF47BD4B1CC7F2AE004BBB9B /* ProductViewController.swift in Sources */ = {isa = PBXBuildFile; fileRef = AF47BD4A1CC7F2AE004BBB9B /* ProductViewController.swift */; };
		AF47BD4D1CC7F2C2004BBB9B /* SearchViewController.swift in Sources */ = {isa = PBXBuildFile; fileRef = AF47BD4C1CC7F2C2004BBB9B /* SearchViewController.swift */; };
/* End PBXBuildFile section */

/* Begin PBXFileReference section */
		AF47BD171CC58082004BBB9B /* closetX.app */ = {isa = PBXFileReference; explicitFileType = wrapper.application; includeInIndex = 0; path = closetX.app; sourceTree = BUILT_PRODUCTS_DIR; };
		AF47BD1A1CC58082004BBB9B /* AppDelegate.swift */ = {isa = PBXFileReference; lastKnownFileType = sourcecode.swift; path = AppDelegate.swift; sourceTree = "<group>"; };
		AF47BD1C1CC58082004BBB9B /* HomeViewController.swift */ = {isa = PBXFileReference; lastKnownFileType = sourcecode.swift; path = HomeViewController.swift; sourceTree = "<group>"; };
		AF47BD1F1CC58082004BBB9B /* Base */ = {isa = PBXFileReference; lastKnownFileType = file.storyboard; name = Base; path = Base.lproj/Main.storyboard; sourceTree = "<group>"; };
		AF47BD221CC58082004BBB9B /* closetX.xcdatamodel */ = {isa = PBXFileReference; lastKnownFileType = wrapper.xcdatamodel; path = closetX.xcdatamodel; sourceTree = "<group>"; };
		AF47BD241CC58082004BBB9B /* Assets.xcassets */ = {isa = PBXFileReference; lastKnownFileType = folder.assetcatalog; path = Assets.xcassets; sourceTree = "<group>"; };
		AF47BD271CC58082004BBB9B /* Base */ = {isa = PBXFileReference; lastKnownFileType = file.storyboard; name = Base; path = Base.lproj/LaunchScreen.storyboard; sourceTree = "<group>"; };
		AF47BD291CC58082004BBB9B /* Info.plist */ = {isa = PBXFileReference; lastKnownFileType = text.plist.xml; path = Info.plist; sourceTree = "<group>"; };
		AF47BD331CC7F212004BBB9B /* closetX-Bridging-Header.h */ = {isa = PBXFileReference; lastKnownFileType = sourcecode.c.h; path = "closetX-Bridging-Header.h"; sourceTree = "<group>"; };
		AF47BD341CC7F213004BBB9B /* User+CoreDataProperties.h */ = {isa = PBXFileReference; fileEncoding = 4; lastKnownFileType = sourcecode.c.h; path = "User+CoreDataProperties.h"; sourceTree = "<group>"; };
		AF47BD351CC7F213004BBB9B /* User+CoreDataProperties.m */ = {isa = PBXFileReference; fileEncoding = 4; lastKnownFileType = sourcecode.c.objc; path = "User+CoreDataProperties.m"; sourceTree = "<group>"; };
		AF47BD361CC7F213004BBB9B /* User.h */ = {isa = PBXFileReference; fileEncoding = 4; lastKnownFileType = sourcecode.c.h; path = User.h; sourceTree = "<group>"; };
		AF47BD371CC7F213004BBB9B /* User.m */ = {isa = PBXFileReference; fileEncoding = 4; lastKnownFileType = sourcecode.c.objc; path = User.m; sourceTree = "<group>"; };
		AF47BD381CC7F213004BBB9B /* Item+CoreDataProperties.h */ = {isa = PBXFileReference; fileEncoding = 4; lastKnownFileType = sourcecode.c.h; path = "Item+CoreDataProperties.h"; sourceTree = "<group>"; };
		AF47BD391CC7F213004BBB9B /* Item+CoreDataProperties.m */ = {isa = PBXFileReference; fileEncoding = 4; lastKnownFileType = sourcecode.c.objc; path = "Item+CoreDataProperties.m"; sourceTree = "<group>"; };
		AF47BD3A1CC7F213004BBB9B /* Item.h */ = {isa = PBXFileReference; fileEncoding = 4; lastKnownFileType = sourcecode.c.h; path = Item.h; sourceTree = "<group>"; };
		AF47BD3B1CC7F213004BBB9B /* Item.m */ = {isa = PBXFileReference; fileEncoding = 4; lastKnownFileType = sourcecode.c.objc; path = Item.m; sourceTree = "<group>"; };
		AF47BD421CC7F286004BBB9B /* ProfileViewController.swift */ = {isa = PBXFileReference; fileEncoding = 4; lastKnownFileType = sourcecode.swift; path = ProfileViewController.swift; sourceTree = "<group>"; };
		AF47BD441CC7F29A004BBB9B /* FollowingViewController.swift */ = {isa = PBXFileReference; fileEncoding = 4; lastKnownFileType = sourcecode.swift; path = FollowingViewController.swift; sourceTree = "<group>"; };
		AF47BD461CC7F2A2004BBB9B /* CategoryViewController.swift */ = {isa = PBXFileReference; fileEncoding = 4; lastKnownFileType = sourcecode.swift; path = CategoryViewController.swift; sourceTree = "<group>"; };
		AF47BD481CC7F2A8004BBB9B /* UploadViewController.swift */ = {isa = PBXFileReference; fileEncoding = 4; lastKnownFileType = sourcecode.swift; path = UploadViewController.swift; sourceTree = "<group>"; };
		AF47BD4A1CC7F2AE004BBB9B /* ProductViewController.swift */ = {isa = PBXFileReference; fileEncoding = 4; lastKnownFileType = sourcecode.swift; path = ProductViewController.swift; sourceTree = "<group>"; };
		AF47BD4C1CC7F2C2004BBB9B /* SearchViewController.swift */ = {isa = PBXFileReference; fileEncoding = 4; lastKnownFileType = sourcecode.swift; path = SearchViewController.swift; sourceTree = "<group>"; };
/* End PBXFileReference section */

/* Begin PBXFrameworksBuildPhase section */
		AF47BD141CC58082004BBB9B /* Frameworks */ = {
			isa = PBXFrameworksBuildPhase;
			buildActionMask = 2147483647;
			files = (
			);
			runOnlyForDeploymentPostprocessing = 0;
		};
/* End PBXFrameworksBuildPhase section */

/* Begin PBXGroup section */
		AF47BD0E1CC58082004BBB9B = {
			isa = PBXGroup;
			children = (
				AF47BD191CC58082004BBB9B /* closetX */,
				AF47BD4E1CC7FEF4004BBB9B /* Images */,
				AF47BD181CC58082004BBB9B /* Products */,
				AF47BD331CC7F212004BBB9B /* closetX-Bridging-Header.h */,
			);
			sourceTree = "<group>";
		};
		AF47BD181CC58082004BBB9B /* Products */ = {
			isa = PBXGroup;
			children = (
				AF47BD171CC58082004BBB9B /* closetX.app */,
			);
			name = Products;
			sourceTree = "<group>";
		};
		AF47BD191CC58082004BBB9B /* closetX */ = {
			isa = PBXGroup;
			children = (
				AF47BD2F1CC7ED99004BBB9B /* Controllers */,
				AF47BD301CC7EDA5004BBB9B /* View */,
				AF47BD311CC7EDB3004BBB9B /* Global */,
				AF47BD321CC7EDC4004BBB9B /* Model */,
			);
			path = closetX;
			sourceTree = "<group>";
		};
		AF47BD2F1CC7ED99004BBB9B /* Controllers */ = {
			isa = PBXGroup;
			children = (
				AF47BD1C1CC58082004BBB9B /* HomeViewController.swift */,
				AF47BD4C1CC7F2C2004BBB9B /* SearchViewController.swift */,
				AF47BD421CC7F286004BBB9B /* ProfileViewController.swift */,
				AF47BD441CC7F29A004BBB9B /* FollowingViewController.swift */,
				AF47BD461CC7F2A2004BBB9B /* CategoryViewController.swift */,
				AF47BD481CC7F2A8004BBB9B /* UploadViewController.swift */,
				AF47BD4A1CC7F2AE004BBB9B /* ProductViewController.swift */,
			);
			name = Controllers;
			sourceTree = "<group>";
		};
		AF47BD301CC7EDA5004BBB9B /* View */ = {
			isa = PBXGroup;
			children = (
				AF47BD1E1CC58082004BBB9B /* Main.storyboard */,
				AF47BD261CC58082004BBB9B /* LaunchScreen.storyboard */,
			);
			name = View;
			sourceTree = "<group>";
		};
		AF47BD311CC7EDB3004BBB9B /* Global */ = {
			isa = PBXGroup;
			children = (
				AF47BD241CC58082004BBB9B /* Assets.xcassets */,
				AF47BD1A1CC58082004BBB9B /* AppDelegate.swift */,
				AF47BD291CC58082004BBB9B /* Info.plist */,
			);
			name = Global;
			sourceTree = "<group>";
		};
		AF47BD321CC7EDC4004BBB9B /* Model */ = {
			isa = PBXGroup;
			children = (
				AF47BD401CC7F23D004BBB9B /* class */,
				AF47BD411CC7F24C004BBB9B /* categories */,
				AF47BD211CC58082004BBB9B /* closetX.xcdatamodeld */,
			);
			name = Model;
			sourceTree = "<group>";
		};
		AF47BD401CC7F23D004BBB9B /* class */ = {
			isa = PBXGroup;
			children = (
				AF47BD3A1CC7F213004BBB9B /* Item.h */,
				AF47BD3B1CC7F213004BBB9B /* Item.m */,
				AF47BD361CC7F213004BBB9B /* User.h */,
				AF47BD371CC7F213004BBB9B /* User.m */,
			);
			name = class;
			path = ..;
			sourceTree = "<group>";
		};
		AF47BD411CC7F24C004BBB9B /* categories */ = {
			isa = PBXGroup;
			children = (
				AF47BD341CC7F213004BBB9B /* User+CoreDataProperties.h */,
				AF47BD351CC7F213004BBB9B /* User+CoreDataProperties.m */,
				AF47BD381CC7F213004BBB9B /* Item+CoreDataProperties.h */,
				AF47BD391CC7F213004BBB9B /* Item+CoreDataProperties.m */,
			);
			name = categories;
			path = ..;
			sourceTree = "<group>";
		};
		AF47BD4E1CC7FEF4004BBB9B /* Images */ = {
			isa = PBXGroup;
			children = (
			);
			name = Images;
			path = closetX;
			sourceTree = "<group>";
		};
/* End PBXGroup section */

/* Begin PBXNativeTarget section */
		AF47BD161CC58082004BBB9B /* closetX */ = {
			isa = PBXNativeTarget;
			buildConfigurationList = AF47BD2C1CC58082004BBB9B /* Build configuration list for PBXNativeTarget "closetX" */;
			buildPhases = (
				AF47BD131CC58082004BBB9B /* Sources */,
				AF47BD141CC58082004BBB9B /* Frameworks */,
				AF47BD151CC58082004BBB9B /* Resources */,
			);
			buildRules = (
			);
			dependencies = (
			);
			name = closetX;
			productName = closetX;
			productReference = AF47BD171CC58082004BBB9B /* closetX.app */;
			productType = "com.apple.product-type.application";
		};
/* End PBXNativeTarget section */

/* Begin PBXProject section */
		AF47BD0F1CC58082004BBB9B /* Project object */ = {
			isa = PBXProject;
			attributes = {
				LastSwiftUpdateCheck = 0730;
				LastUpgradeCheck = 0730;
				ORGANIZATIONNAME = "Lacey Vu";
				TargetAttributes = {
					AF47BD161CC58082004BBB9B = {
						CreatedOnToolsVersion = 7.3;
					};
				};
			};
			buildConfigurationList = AF47BD121CC58082004BBB9B /* Build configuration list for PBXProject "closetX" */;
			compatibilityVersion = "Xcode 3.2";
			developmentRegion = English;
			hasScannedForEncodings = 0;
			knownRegions = (
				en,
				Base,
			);
			mainGroup = AF47BD0E1CC58082004BBB9B;
			productRefGroup = AF47BD181CC58082004BBB9B /* Products */;
			projectDirPath = "";
			projectRoot = "";
			targets = (
				AF47BD161CC58082004BBB9B /* closetX */,
			);
		};
/* End PBXProject section */

/* Begin PBXResourcesBuildPhase section */
		AF47BD151CC58082004BBB9B /* Resources */ = {
			isa = PBXResourcesBuildPhase;
			buildActionMask = 2147483647;
			files = (
				AF47BD281CC58082004BBB9B /* LaunchScreen.storyboard in Resources */,
				AF47BD251CC58082004BBB9B /* Assets.xcassets in Resources */,
				AF47BD201CC58082004BBB9B /* Main.storyboard in Resources */,
			);
			runOnlyForDeploymentPostprocessing = 0;
		};
/* End PBXResourcesBuildPhase section */

/* Begin PBXSourcesBuildPhase section */
		AF47BD131CC58082004BBB9B /* Sources */ = {
			isa = PBXSourcesBuildPhase;
			buildActionMask = 2147483647;
			files = (
				AF47BD471CC7F2A2004BBB9B /* CategoryViewController.swift in Sources */,
				AF47BD491CC7F2A8004BBB9B /* UploadViewController.swift in Sources */,
				AF47BD3E1CC7F213004BBB9B /* Item+CoreDataProperties.m in Sources */,
				AF47BD3D1CC7F213004BBB9B /* User.m in Sources */,
				AF47BD1D1CC58082004BBB9B /* HomeViewController.swift in Sources */,
				AF47BD231CC58082004BBB9B /* closetX.xcdatamodeld in Sources */,
				AF47BD4B1CC7F2AE004BBB9B /* ProductViewController.swift in Sources */,
				AF47BD3C1CC7F213004BBB9B /* User+CoreDataProperties.m in Sources */,
				AF47BD4D1CC7F2C2004BBB9B /* SearchViewController.swift in Sources */,
				AF47BD3F1CC7F213004BBB9B /* Item.m in Sources */,
				AF47BD431CC7F286004BBB9B /* ProfileViewController.swift in Sources */,
				AF47BD451CC7F29A004BBB9B /* FollowingViewController.swift in Sources */,
				AF47BD1B1CC58082004BBB9B /* AppDelegate.swift in Sources */,
			);
			runOnlyForDeploymentPostprocessing = 0;
		};
/* End PBXSourcesBuildPhase section */

/* Begin PBXVariantGroup section */
		AF47BD1E1CC58082004BBB9B /* Main.storyboard */ = {
			isa = PBXVariantGroup;
			children = (
				AF47BD1F1CC58082004BBB9B /* Base */,
			);
			name = Main.storyboard;
			sourceTree = "<group>";
		};
		AF47BD261CC58082004BBB9B /* LaunchScreen.storyboard */ = {
			isa = PBXVariantGroup;
			children = (
				AF47BD271CC58082004BBB9B /* Base */,
			);
			name = LaunchScreen.storyboard;
			sourceTree = "<group>";
		};
/* End PBXVariantGroup section */

/* Begin XCBuildConfiguration section */
		AF47BD2A1CC58082004BBB9B /* Debug */ = {
			isa = XCBuildConfiguration;
			buildSettings = {
				ALWAYS_SEARCH_USER_PATHS = NO;
				CLANG_ANALYZER_NONNULL = YES;
				CLANG_CXX_LANGUAGE_STANDARD = "gnu++0x";
				CLANG_CXX_LIBRARY = "libc++";
				CLANG_ENABLE_MODULES = YES;
				CLANG_ENABLE_OBJC_ARC = YES;
				CLANG_WARN_BOOL_CONVERSION = YES;
				CLANG_WARN_CONSTANT_CONVERSION = YES;
				CLANG_WARN_DIRECT_OBJC_ISA_USAGE = YES_ERROR;
				CLANG_WARN_EMPTY_BODY = YES;
				CLANG_WARN_ENUM_CONVERSION = YES;
				CLANG_WARN_INT_CONVERSION = YES;
				CLANG_WARN_OBJC_ROOT_CLASS = YES_ERROR;
				CLANG_WARN_UNREACHABLE_CODE = YES;
				CLANG_WARN__DUPLICATE_METHOD_MATCH = YES;
				"CODE_SIGN_IDENTITY[sdk=iphoneos*]" = "iPhone Developer";
				COPY_PHASE_STRIP = NO;
				DEBUG_INFORMATION_FORMAT = dwarf;
				ENABLE_STRICT_OBJC_MSGSEND = YES;
				ENABLE_TESTABILITY = YES;
				GCC_C_LANGUAGE_STANDARD = gnu99;
				GCC_DYNAMIC_NO_PIC = NO;
				GCC_NO_COMMON_BLOCKS = YES;
				GCC_OPTIMIZATION_LEVEL = 0;
				GCC_PREPROCESSOR_DEFINITIONS = (
					"DEBUG=1",
					"$(inherited)",
				);
				GCC_WARN_64_TO_32_BIT_CONVERSION = YES;
				GCC_WARN_ABOUT_RETURN_TYPE = YES_ERROR;
				GCC_WARN_UNDECLARED_SELECTOR = YES;
				GCC_WARN_UNINITIALIZED_AUTOS = YES_AGGRESSIVE;
				GCC_WARN_UNUSED_FUNCTION = YES;
				GCC_WARN_UNUSED_VARIABLE = YES;
				IPHONEOS_DEPLOYMENT_TARGET = 9.3;
				MTL_ENABLE_DEBUG_INFO = YES;
				ONLY_ACTIVE_ARCH = YES;
				SDKROOT = iphoneos;
				SWIFT_OPTIMIZATION_LEVEL = "-Onone";
				TARGETED_DEVICE_FAMILY = "1,2";
			};
			name = Debug;
		};
		AF47BD2B1CC58082004BBB9B /* Release */ = {
			isa = XCBuildConfiguration;
			buildSettings = {
				ALWAYS_SEARCH_USER_PATHS = NO;
				CLANG_ANALYZER_NONNULL = YES;
				CLANG_CXX_LANGUAGE_STANDARD = "gnu++0x";
				CLANG_CXX_LIBRARY = "libc++";
				CLANG_ENABLE_MODULES = YES;
				CLANG_ENABLE_OBJC_ARC = YES;
				CLANG_WARN_BOOL_CONVERSION = YES;
				CLANG_WARN_CONSTANT_CONVERSION = YES;
				CLANG_WARN_DIRECT_OBJC_ISA_USAGE = YES_ERROR;
				CLANG_WARN_EMPTY_BODY = YES;
				CLANG_WARN_ENUM_CONVERSION = YES;
				CLANG_WARN_INT_CONVERSION = YES;
				CLANG_WARN_OBJC_ROOT_CLASS = YES_ERROR;
				CLANG_WARN_UNREACHABLE_CODE = YES;
				CLANG_WARN__DUPLICATE_METHOD_MATCH = YES;
				"CODE_SIGN_IDENTITY[sdk=iphoneos*]" = "iPhone Developer";
				COPY_PHASE_STRIP = NO;
				DEBUG_INFORMATION_FORMAT = "dwarf-with-dsym";
				ENABLE_NS_ASSERTIONS = NO;
				ENABLE_STRICT_OBJC_MSGSEND = YES;
				GCC_C_LANGUAGE_STANDARD = gnu99;
				GCC_NO_COMMON_BLOCKS = YES;
				GCC_WARN_64_TO_32_BIT_CONVERSION = YES;
				GCC_WARN_ABOUT_RETURN_TYPE = YES_ERROR;
				GCC_WARN_UNDECLARED_SELECTOR = YES;
				GCC_WARN_UNINITIALIZED_AUTOS = YES_AGGRESSIVE;
				GCC_WARN_UNUSED_FUNCTION = YES;
				GCC_WARN_UNUSED_VARIABLE = YES;
				IPHONEOS_DEPLOYMENT_TARGET = 9.3;
				MTL_ENABLE_DEBUG_INFO = NO;
				SDKROOT = iphoneos;
				TARGETED_DEVICE_FAMILY = "1,2";
				VALIDATE_PRODUCT = YES;
			};
			name = Release;
		};
		AF47BD2D1CC58082004BBB9B /* Debug */ = {
			isa = XCBuildConfiguration;
			buildSettings = {
				ASSETCATALOG_COMPILER_APPICON_NAME = AppIcon;
				CLANG_ENABLE_MODULES = YES;
				INFOPLIST_FILE = closetX/Info.plist;
				LD_RUNPATH_SEARCH_PATHS = "$(inherited) @executable_path/Frameworks";
				PRODUCT_BUNDLE_IDENTIFIER = com.laceyvu.closetX;
				PRODUCT_NAME = "$(TARGET_NAME)";
				SWIFT_OBJC_BRIDGING_HEADER = "closetX-Bridging-Header.h";
				SWIFT_OPTIMIZATION_LEVEL = "-Onone";
			};
			name = Debug;
		};
		AF47BD2E1CC58082004BBB9B /* Release */ = {
			isa = XCBuildConfiguration;
			buildSettings = {
				ASSETCATALOG_COMPILER_APPICON_NAME = AppIcon;
				CLANG_ENABLE_MODULES = YES;
				INFOPLIST_FILE = closetX/Info.plist;
				LD_RUNPATH_SEARCH_PATHS = "$(inherited) @executable_path/Frameworks";
				PRODUCT_BUNDLE_IDENTIFIER = com.laceyvu.closetX;
				PRODUCT_NAME = "$(TARGET_NAME)";
				SWIFT_OBJC_BRIDGING_HEADER = "closetX-Bridging-Header.h";
			};
			name = Release;
		};
/* End XCBuildConfiguration section */

/* Begin XCConfigurationList section */
		AF47BD121CC58082004BBB9B /* Build configuration list for PBXProject "closetX" */ = {
			isa = XCConfigurationList;
			buildConfigurations = (
				AF47BD2A1CC58082004BBB9B /* Debug */,
				AF47BD2B1CC58082004BBB9B /* Release */,
			);
			defaultConfigurationIsVisible = 0;
			defaultConfigurationName = Release;
		};
		AF47BD2C1CC58082004BBB9B /* Build configuration list for PBXNativeTarget "closetX" */ = {
			isa = XCConfigurationList;
			buildConfigurations = (
				AF47BD2D1CC58082004BBB9B /* Debug */,
				AF47BD2E1CC58082004BBB9B /* Release */,
			);
			defaultConfigurationIsVisible = 0;
			defaultConfigurationName = Release;
		};
/* End XCConfigurationList section */

/* Begin XCVersionGroup section */
		AF47BD211CC58082004BBB9B /* closetX.xcdatamodeld */ = {
			isa = XCVersionGroup;
			children = (
				AF47BD221CC58082004BBB9B /* closetX.xcdatamodel */,
			);
			currentVersion = AF47BD221CC58082004BBB9B /* closetX.xcdatamodel */;
			path = closetX.xcdatamodeld;
			sourceTree = "<group>";
			versionGroupType = wrapper.xcdatamodel;
		};
/* End XCVersionGroup section */
	};
	rootObject = AF47BD0F1CC58082004BBB9B /* Project object */;
}
