<?xml version="1.0" encoding="UTF-8"?>
<!DOCTYPE plist PUBLIC "-//Apple//DTD PLIST 1.0//EN" "http://www.apple.com/DTDs/PropertyList-1.0.dtd">
<plist version="1.0">
<dict>
	<key>archiveVersion</key>
	<string>1</string>
	<key>classes</key>
	<dict/>
	<key>objectVersion</key>
	<string>46</string>
	<key>objects</key>
	<dict>
		<key>205BBB76C3D380ED9FF6A339</key>
		<dict>
			<key>fileRef</key>
			<string>F90A79A1646EC130BA5C7FDA</string>
			<key>isa</key>
			<string>PBXBuildFile</string>
		</dict>
		<key>85838D0AAF1E0F8BB949B63B</key>
		<dict>
			<key>buildActionMask</key>
			<string>2147483647</string>
			<key>files</key>
			<array/>
			<key>inputPaths</key>
			<array/>
			<key>isa</key>
			<string>PBXShellScriptBuildPhase</string>
			<key>name</key>
			<string>Embed Pods Frameworks</string>
			<key>outputPaths</key>
			<array/>
			<key>runOnlyForDeploymentPostprocessing</key>
			<string>0</string>
			<key>shellPath</key>
			<string>/bin/sh</string>
			<key>shellScript</key>
			<string>"${SRCROOT}/Pods/Target Support Files/Pods-closetX/Pods-closetX-frameworks.sh"
</string>
			<key>showEnvVarsInLog</key>
			<string>0</string>
		</dict>
		<key>8651BCB0EBBD4AC4443BAF33</key>
		<dict>
			<key>buildActionMask</key>
			<string>2147483647</string>
			<key>files</key>
			<array/>
			<key>inputPaths</key>
			<array/>
			<key>isa</key>
			<string>PBXShellScriptBuildPhase</string>
			<key>name</key>
			<string>Copy Pods Resources</string>
			<key>outputPaths</key>
			<array/>
			<key>runOnlyForDeploymentPostprocessing</key>
			<string>0</string>
			<key>shellPath</key>
			<string>/bin/sh</string>
			<key>shellScript</key>
			<string>"${SRCROOT}/Pods/Target Support Files/Pods-closetX/Pods-closetX-resources.sh"
</string>
			<key>showEnvVarsInLog</key>
			<string>0</string>
		</dict>
		<key>890EF2301CF4ED3F00DD8477</key>
		<dict>
			<key>isa</key>
			<string>PBXFileReference</string>
			<key>lastKnownFileType</key>
			<string>text</string>
			<key>name</key>
			<string>9AAFA3F2-15EA-3638-B67C-68B4D13CDD9A.bcsymbolmap</string>
			<key>path</key>
			<string>Carthage/Build/iOS/9AAFA3F2-15EA-3638-B67C-68B4D13CDD9A.bcsymbolmap</string>
			<key>sourceTree</key>
			<string>&lt;group&gt;</string>
		</dict>
		<key>890EF2311CF4ED3F00DD8477</key>
		<dict>
			<key>isa</key>
			<string>PBXFileReference</string>
			<key>lastKnownFileType</key>
			<string>text</string>
			<key>name</key>
			<string>9B0F7CF0-18A1-3E7F-A42B-EDEA0B85936F.bcsymbolmap</string>
			<key>path</key>
			<string>Carthage/Build/iOS/9B0F7CF0-18A1-3E7F-A42B-EDEA0B85936F.bcsymbolmap</string>
			<key>sourceTree</key>
			<string>&lt;group&gt;</string>
		</dict>
		<key>890EF2321CF4ED3F00DD8477</key>
		<dict>
			<key>isa</key>
			<string>PBXFileReference</string>
			<key>lastKnownFileType</key>
			<string>text</string>
			<key>name</key>
			<string>201F086F-5EFC-3A55-A327-9E9FCA9DA063.bcsymbolmap</string>
			<key>path</key>
			<string>Carthage/Build/iOS/201F086F-5EFC-3A55-A327-9E9FCA9DA063.bcsymbolmap</string>
			<key>sourceTree</key>
			<string>&lt;group&gt;</string>
		</dict>
		<key>890EF2331CF4ED3F00DD8477</key>
		<dict>
			<key>isa</key>
			<string>PBXFileReference</string>
			<key>lastKnownFileType</key>
			<string>wrapper.framework</string>
			<key>name</key>
			<string>Bolts.framework</string>
			<key>path</key>
			<string>Carthage/Build/iOS/Bolts.framework</string>
			<key>sourceTree</key>
			<string>&lt;group&gt;</string>
		</dict>
		<key>890EF2341CF4ED3F00DD8477</key>
		<dict>
			<key>isa</key>
			<string>PBXFileReference</string>
			<key>lastKnownFileType</key>
			<string>wrapper.dsym</string>
			<key>name</key>
			<string>Bolts.framework.dSYM</string>
			<key>path</key>
			<string>Carthage/Build/iOS/Bolts.framework.dSYM</string>
			<key>sourceTree</key>
			<string>&lt;group&gt;</string>
		</dict>
		<key>890EF2351CF4ED3F00DD8477</key>
		<dict>
			<key>isa</key>
			<string>PBXFileReference</string>
			<key>lastKnownFileType</key>
			<string>text</string>
			<key>name</key>
			<string>C44FCE6D-926D-3FFB-BF61-FBC68EAD490F.bcsymbolmap</string>
			<key>path</key>
			<string>Carthage/Build/iOS/C44FCE6D-926D-3FFB-BF61-FBC68EAD490F.bcsymbolmap</string>
			<key>sourceTree</key>
			<string>&lt;group&gt;</string>
		</dict>
		<key>890EF2361CF4ED3F00DD8477</key>
		<dict>
			<key>isa</key>
			<string>PBXFileReference</string>
			<key>lastKnownFileType</key>
			<string>text</string>
			<key>name</key>
			<string>DD76E220-B027-3F00-88BC-774E9EEBF8B1.bcsymbolmap</string>
			<key>path</key>
			<string>Carthage/Build/iOS/DD76E220-B027-3F00-88BC-774E9EEBF8B1.bcsymbolmap</string>
			<key>sourceTree</key>
			<string>&lt;group&gt;</string>
		</dict>
		<key>890EF2371CF4ED3F00DD8477</key>
		<dict>
			<key>isa</key>
			<string>PBXFileReference</string>
			<key>lastKnownFileType</key>
			<string>text</string>
			<key>name</key>
			<string>EA6963CE-790F-3001-A249-B206B79316B2.bcsymbolmap</string>
			<key>path</key>
			<string>Carthage/Build/iOS/EA6963CE-790F-3001-A249-B206B79316B2.bcsymbolmap</string>
			<key>sourceTree</key>
			<string>&lt;group&gt;</string>
		</dict>
		<key>890EF2381CF4ED3F00DD8477</key>
		<dict>
			<key>isa</key>
			<string>PBXFileReference</string>
			<key>lastKnownFileType</key>
			<string>wrapper.framework</string>
			<key>name</key>
			<string>Parse.framework</string>
			<key>path</key>
			<string>Carthage/Build/iOS/Parse.framework</string>
			<key>sourceTree</key>
			<string>&lt;group&gt;</string>
		</dict>
		<key>890EF2391CF4ED3F00DD8477</key>
		<dict>
			<key>isa</key>
			<string>PBXFileReference</string>
			<key>lastKnownFileType</key>
			<string>wrapper.dsym</string>
			<key>name</key>
			<string>Parse.framework.dSYM</string>
			<key>path</key>
			<string>Carthage/Build/iOS/Parse.framework.dSYM</string>
			<key>sourceTree</key>
			<string>&lt;group&gt;</string>
		</dict>
		<key>890EF23A1CF4ED3F00DD8477</key>
		<dict>
			<key>fileRef</key>
			<string>890EF2331CF4ED3F00DD8477</string>
			<key>isa</key>
			<string>PBXBuildFile</string>
		</dict>
		<key>890EF23B1CF4ED3F00DD8477</key>
		<dict>
			<key>fileRef</key>
			<string>890EF2331CF4ED3F00DD8477</string>
			<key>isa</key>
			<string>PBXBuildFile</string>
			<key>settings</key>
			<dict>
				<key>ATTRIBUTES</key>
				<array>
					<string>CodeSignOnCopy</string>
					<string>RemoveHeadersOnCopy</string>
				</array>
			</dict>
		</dict>
		<key>890EF23C1CF4ED3F00DD8477</key>
		<dict>
			<key>fileRef</key>
			<string>890EF2381CF4ED3F00DD8477</string>
			<key>isa</key>
			<string>PBXBuildFile</string>
		</dict>
		<key>890EF23D1CF4ED3F00DD8477</key>
		<dict>
			<key>fileRef</key>
			<string>890EF2381CF4ED3F00DD8477</string>
			<key>isa</key>
			<string>PBXBuildFile</string>
			<key>settings</key>
			<dict>
				<key>ATTRIBUTES</key>
				<array>
					<string>CodeSignOnCopy</string>
					<string>RemoveHeadersOnCopy</string>
				</array>
			</dict>
		</dict>
		<key>890EF23E1CF4ED3F00DD8477</key>
		<dict>
			<key>buildActionMask</key>
			<string>2147483647</string>
			<key>dstPath</key>
			<string></string>
			<key>dstSubfolderSpec</key>
			<string>10</string>
			<key>files</key>
			<array>
				<string>890EF26B1CF762B300DD8477</string>
				<string>890EF2571CF762B300DD8477</string>
				<string>890EF25D1CF762B300DD8477</string>
				<string>890EF25F1CF762B300DD8477</string>
				<string>890EF26D1CF762B300DD8477</string>
				<string>890EF2691CF762B300DD8477</string>
				<string>890EF2651CF762B300DD8477</string>
				<string>890EF25B1CF762B300DD8477</string>
				<string>890EF2671CF762B300DD8477</string>
				<string>890EF2551CF762B300DD8477</string>
				<string>890EF2771CF762B400DD8477</string>
				<string>890EF23D1CF4ED3F00DD8477</string>
				<string>890EF2631CF762B300DD8477</string>
				<string>890EF26F1CF762B300DD8477</string>
				<string>890EF23B1CF4ED3F00DD8477</string>
				<string>890EF2751CF762B300DD8477</string>
				<string>890EF2591CF762B300DD8477</string>
				<string>890EF2711CF762B300DD8477</string>
				<string>890EF2731CF762B300DD8477</string>
				<string>890EF2611CF762B300DD8477</string>
			</array>
			<key>isa</key>
			<string>PBXCopyFilesBuildPhase</string>
			<key>name</key>
			<string>Embed Frameworks</string>
			<key>runOnlyForDeploymentPostprocessing</key>
			<string>0</string>
		</dict>
		<key>890EF2411CF4EDC000DD8477</key>
		<dict>
			<key>buildActionMask</key>
			<string>2147483647</string>
			<key>files</key>
			<array/>
			<key>inputPaths</key>
			<array>
				<string>$(SRCROOT)/Carthage/Build/iOS/Box.framework</string>
				<string>$(SRCROOT)/Carthage/Build/iOS/Result.framework</string>
				<string>$(SRCROOT)/Carthage/Build/iOS/ReactiveCocoa.framework</string>
			</array>
			<key>isa</key>
			<string>PBXShellScriptBuildPhase</string>
			<key>outputPaths</key>
			<array/>
			<key>runOnlyForDeploymentPostprocessing</key>
			<string>0</string>
			<key>shellPath</key>
			<string>/bin/sh</string>
			<key>shellScript</key>
			<string>bin/bash/usr/local/bin/carthage copy-frameworks</string>
		</dict>
		<key>890EF2421CF762B300DD8477</key>
		<dict>
			<key>isa</key>
			<string>PBXFileReference</string>
			<key>lastKnownFileType</key>
			<string>wrapper.framework</string>
			<key>name</key>
			<string>AWSAutoScaling.framework</string>
			<key>path</key>
			<string>Carthage/Build/iOS/AWSAutoScaling.framework</string>
			<key>sourceTree</key>
			<string>&lt;group&gt;</string>
		</dict>
		<key>890EF2431CF762B300DD8477</key>
		<dict>
			<key>isa</key>
			<string>PBXFileReference</string>
			<key>lastKnownFileType</key>
			<string>wrapper.framework</string>
			<key>name</key>
			<string>AWSCloudWatch.framework</string>
			<key>path</key>
			<string>Carthage/Build/iOS/AWSCloudWatch.framework</string>
			<key>sourceTree</key>
			<string>&lt;group&gt;</string>
		</dict>
		<key>890EF2441CF762B300DD8477</key>
		<dict>
			<key>isa</key>
			<string>PBXFileReference</string>
			<key>lastKnownFileType</key>
			<string>wrapper.framework</string>
			<key>name</key>
			<string>AWSCognito.framework</string>
			<key>path</key>
			<string>Carthage/Build/iOS/AWSCognito.framework</string>
			<key>sourceTree</key>
			<string>&lt;group&gt;</string>
		</dict>
		<key>890EF2451CF762B300DD8477</key>
		<dict>
			<key>isa</key>
			<string>PBXFileReference</string>
			<key>lastKnownFileType</key>
			<string>wrapper.framework</string>
			<key>name</key>
			<string>AWSCognitoIdentityProvider.framework</string>
			<key>path</key>
			<string>Carthage/Build/iOS/AWSCognitoIdentityProvider.framework</string>
			<key>sourceTree</key>
			<string>&lt;group&gt;</string>
		</dict>
		<key>890EF2461CF762B300DD8477</key>
		<dict>
			<key>isa</key>
			<string>PBXFileReference</string>
			<key>lastKnownFileType</key>
			<string>wrapper.framework</string>
			<key>name</key>
			<string>AWSCore.framework</string>
			<key>path</key>
			<string>Carthage/Build/iOS/AWSCore.framework</string>
			<key>sourceTree</key>
			<string>&lt;group&gt;</string>
		</dict>
		<key>890EF2471CF762B300DD8477</key>
		<dict>
			<key>isa</key>
			<string>PBXFileReference</string>
			<key>lastKnownFileType</key>
			<string>wrapper.framework</string>
			<key>name</key>
			<string>AWSDynamoDB.framework</string>
			<key>path</key>
			<string>Carthage/Build/iOS/AWSDynamoDB.framework</string>
			<key>sourceTree</key>
			<string>&lt;group&gt;</string>
		</dict>
		<key>890EF2481CF762B300DD8477</key>
		<dict>
			<key>isa</key>
			<string>PBXFileReference</string>
			<key>lastKnownFileType</key>
			<string>wrapper.framework</string>
			<key>name</key>
			<string>AWSEC2.framework</string>
			<key>path</key>
			<string>Carthage/Build/iOS/AWSEC2.framework</string>
			<key>sourceTree</key>
			<string>&lt;group&gt;</string>
		</dict>
		<key>890EF2491CF762B300DD8477</key>
		<dict>
			<key>isa</key>
			<string>PBXFileReference</string>
			<key>lastKnownFileType</key>
			<string>wrapper.framework</string>
			<key>name</key>
			<string>AWSElasticLoadBalancing.framework</string>
			<key>path</key>
			<string>Carthage/Build/iOS/AWSElasticLoadBalancing.framework</string>
			<key>sourceTree</key>
			<string>&lt;group&gt;</string>
		</dict>
		<key>890EF24A1CF762B300DD8477</key>
		<dict>
			<key>isa</key>
			<string>PBXFileReference</string>
			<key>lastKnownFileType</key>
			<string>wrapper.framework</string>
			<key>name</key>
			<string>AWSIoT.framework</string>
			<key>path</key>
			<string>Carthage/Build/iOS/AWSIoT.framework</string>
			<key>sourceTree</key>
			<string>&lt;group&gt;</string>
		</dict>
		<key>890EF24B1CF762B300DD8477</key>
		<dict>
			<key>isa</key>
			<string>PBXFileReference</string>
			<key>lastKnownFileType</key>
			<string>wrapper.framework</string>
			<key>name</key>
			<string>AWSKinesis.framework</string>
			<key>path</key>
			<string>Carthage/Build/iOS/AWSKinesis.framework</string>
			<key>sourceTree</key>
			<string>&lt;group&gt;</string>
		</dict>
		<key>890EF24C1CF762B300DD8477</key>
		<dict>
			<key>isa</key>
			<string>PBXFileReference</string>
			<key>lastKnownFileType</key>
			<string>wrapper.framework</string>
			<key>name</key>
			<string>AWSLambda.framework</string>
			<key>path</key>
			<string>Carthage/Build/iOS/AWSLambda.framework</string>
			<key>sourceTree</key>
			<string>&lt;group&gt;</string>
		</dict>
		<key>890EF24D1CF762B300DD8477</key>
		<dict>
			<key>isa</key>
			<string>PBXFileReference</string>
			<key>lastKnownFileType</key>
			<string>wrapper.framework</string>
			<key>name</key>
			<string>AWSMachineLearning.framework</string>
			<key>path</key>
			<string>Carthage/Build/iOS/AWSMachineLearning.framework</string>
			<key>sourceTree</key>
			<string>&lt;group&gt;</string>
		</dict>
		<key>890EF24E1CF762B300DD8477</key>
		<dict>
			<key>isa</key>
			<string>PBXFileReference</string>
			<key>lastKnownFileType</key>
			<string>wrapper.framework</string>
			<key>name</key>
			<string>AWSMobileAnalytics.framework</string>
			<key>path</key>
			<string>Carthage/Build/iOS/AWSMobileAnalytics.framework</string>
			<key>sourceTree</key>
			<string>&lt;group&gt;</string>
		</dict>
		<key>890EF24F1CF762B300DD8477</key>
		<dict>
			<key>isa</key>
			<string>PBXFileReference</string>
			<key>lastKnownFileType</key>
			<string>wrapper.framework</string>
			<key>name</key>
			<string>AWSS3.framework</string>
			<key>path</key>
			<string>Carthage/Build/iOS/AWSS3.framework</string>
			<key>sourceTree</key>
			<string>&lt;group&gt;</string>
		</dict>
		<key>890EF2501CF762B300DD8477</key>
		<dict>
			<key>isa</key>
			<string>PBXFileReference</string>
			<key>lastKnownFileType</key>
			<string>wrapper.framework</string>
			<key>name</key>
			<string>AWSSES.framework</string>
			<key>path</key>
			<string>Carthage/Build/iOS/AWSSES.framework</string>
			<key>sourceTree</key>
			<string>&lt;group&gt;</string>
		</dict>
		<key>890EF2511CF762B300DD8477</key>
		<dict>
			<key>isa</key>
			<string>PBXFileReference</string>
			<key>lastKnownFileType</key>
			<string>wrapper.framework</string>
			<key>name</key>
			<string>AWSSimpleDB.framework</string>
			<key>path</key>
			<string>Carthage/Build/iOS/AWSSimpleDB.framework</string>
			<key>sourceTree</key>
			<string>&lt;group&gt;</string>
		</dict>
		<key>890EF2521CF762B300DD8477</key>
		<dict>
			<key>isa</key>
			<string>PBXFileReference</string>
			<key>lastKnownFileType</key>
			<string>wrapper.framework</string>
			<key>name</key>
			<string>AWSSNS.framework</string>
			<key>path</key>
			<string>Carthage/Build/iOS/AWSSNS.framework</string>
			<key>sourceTree</key>
			<string>&lt;group&gt;</string>
		</dict>
		<key>890EF2531CF762B300DD8477</key>
		<dict>
			<key>isa</key>
			<string>PBXFileReference</string>
			<key>lastKnownFileType</key>
			<string>wrapper.framework</string>
			<key>name</key>
			<string>AWSSQS.framework</string>
			<key>path</key>
			<string>Carthage/Build/iOS/AWSSQS.framework</string>
			<key>sourceTree</key>
			<string>&lt;group&gt;</string>
		</dict>
		<key>890EF2541CF762B300DD8477</key>
		<dict>
			<key>fileRef</key>
			<string>890EF2421CF762B300DD8477</string>
			<key>isa</key>
			<string>PBXBuildFile</string>
		</dict>
		<key>890EF2551CF762B300DD8477</key>
		<dict>
			<key>fileRef</key>
			<string>890EF2421CF762B300DD8477</string>
			<key>isa</key>
			<string>PBXBuildFile</string>
			<key>settings</key>
			<dict>
				<key>ATTRIBUTES</key>
				<array>
					<string>CodeSignOnCopy</string>
					<string>RemoveHeadersOnCopy</string>
				</array>
			</dict>
		</dict>
		<key>890EF2561CF762B300DD8477</key>
		<dict>
			<key>fileRef</key>
			<string>890EF2431CF762B300DD8477</string>
			<key>isa</key>
			<string>PBXBuildFile</string>
		</dict>
		<key>890EF2571CF762B300DD8477</key>
		<dict>
			<key>fileRef</key>
			<string>890EF2431CF762B300DD8477</string>
			<key>isa</key>
			<string>PBXBuildFile</string>
			<key>settings</key>
			<dict>
				<key>ATTRIBUTES</key>
				<array>
					<string>CodeSignOnCopy</string>
					<string>RemoveHeadersOnCopy</string>
				</array>
			</dict>
		</dict>
		<key>890EF2581CF762B300DD8477</key>
		<dict>
			<key>fileRef</key>
			<string>890EF2441CF762B300DD8477</string>
			<key>isa</key>
			<string>PBXBuildFile</string>
		</dict>
		<key>890EF2591CF762B300DD8477</key>
		<dict>
			<key>fileRef</key>
			<string>890EF2441CF762B300DD8477</string>
			<key>isa</key>
			<string>PBXBuildFile</string>
			<key>settings</key>
			<dict>
				<key>ATTRIBUTES</key>
				<array>
					<string>CodeSignOnCopy</string>
					<string>RemoveHeadersOnCopy</string>
				</array>
			</dict>
		</dict>
		<key>890EF25A1CF762B300DD8477</key>
		<dict>
			<key>fileRef</key>
			<string>890EF2451CF762B300DD8477</string>
			<key>isa</key>
			<string>PBXBuildFile</string>
		</dict>
		<key>890EF25B1CF762B300DD8477</key>
		<dict>
			<key>fileRef</key>
			<string>890EF2451CF762B300DD8477</string>
			<key>isa</key>
			<string>PBXBuildFile</string>
			<key>settings</key>
			<dict>
				<key>ATTRIBUTES</key>
				<array>
					<string>CodeSignOnCopy</string>
					<string>RemoveHeadersOnCopy</string>
				</array>
			</dict>
		</dict>
		<key>890EF25C1CF762B300DD8477</key>
		<dict>
			<key>fileRef</key>
			<string>890EF2461CF762B300DD8477</string>
			<key>isa</key>
			<string>PBXBuildFile</string>
		</dict>
		<key>890EF25D1CF762B300DD8477</key>
		<dict>
			<key>fileRef</key>
			<string>890EF2461CF762B300DD8477</string>
			<key>isa</key>
			<string>PBXBuildFile</string>
			<key>settings</key>
			<dict>
				<key>ATTRIBUTES</key>
				<array>
					<string>CodeSignOnCopy</string>
					<string>RemoveHeadersOnCopy</string>
				</array>
			</dict>
		</dict>
		<key>890EF25E1CF762B300DD8477</key>
		<dict>
			<key>fileRef</key>
			<string>890EF2471CF762B300DD8477</string>
			<key>isa</key>
			<string>PBXBuildFile</string>
		</dict>
		<key>890EF25F1CF762B300DD8477</key>
		<dict>
			<key>fileRef</key>
			<string>890EF2471CF762B300DD8477</string>
			<key>isa</key>
			<string>PBXBuildFile</string>
			<key>settings</key>
			<dict>
				<key>ATTRIBUTES</key>
				<array>
					<string>CodeSignOnCopy</string>
					<string>RemoveHeadersOnCopy</string>
				</array>
			</dict>
		</dict>
		<key>890EF2601CF762B300DD8477</key>
		<dict>
			<key>fileRef</key>
			<string>890EF2481CF762B300DD8477</string>
			<key>isa</key>
			<string>PBXBuildFile</string>
		</dict>
		<key>890EF2611CF762B300DD8477</key>
		<dict>
			<key>fileRef</key>
			<string>890EF2481CF762B300DD8477</string>
			<key>isa</key>
			<string>PBXBuildFile</string>
			<key>settings</key>
			<dict>
				<key>ATTRIBUTES</key>
				<array>
					<string>CodeSignOnCopy</string>
					<string>RemoveHeadersOnCopy</string>
				</array>
			</dict>
		</dict>
		<key>890EF2621CF762B300DD8477</key>
		<dict>
			<key>fileRef</key>
			<string>890EF2491CF762B300DD8477</string>
			<key>isa</key>
			<string>PBXBuildFile</string>
		</dict>
		<key>890EF2631CF762B300DD8477</key>
		<dict>
			<key>fileRef</key>
			<string>890EF2491CF762B300DD8477</string>
			<key>isa</key>
			<string>PBXBuildFile</string>
			<key>settings</key>
			<dict>
				<key>ATTRIBUTES</key>
				<array>
					<string>CodeSignOnCopy</string>
					<string>RemoveHeadersOnCopy</string>
				</array>
			</dict>
		</dict>
		<key>890EF2641CF762B300DD8477</key>
		<dict>
			<key>fileRef</key>
			<string>890EF24A1CF762B300DD8477</string>
			<key>isa</key>
			<string>PBXBuildFile</string>
		</dict>
		<key>890EF2651CF762B300DD8477</key>
		<dict>
			<key>fileRef</key>
			<string>890EF24A1CF762B300DD8477</string>
			<key>isa</key>
			<string>PBXBuildFile</string>
			<key>settings</key>
			<dict>
				<key>ATTRIBUTES</key>
				<array>
					<string>CodeSignOnCopy</string>
					<string>RemoveHeadersOnCopy</string>
				</array>
			</dict>
		</dict>
		<key>890EF2661CF762B300DD8477</key>
		<dict>
			<key>fileRef</key>
			<string>890EF24B1CF762B300DD8477</string>
			<key>isa</key>
			<string>PBXBuildFile</string>
		</dict>
		<key>890EF2671CF762B300DD8477</key>
		<dict>
			<key>fileRef</key>
			<string>890EF24B1CF762B300DD8477</string>
			<key>isa</key>
			<string>PBXBuildFile</string>
			<key>settings</key>
			<dict>
				<key>ATTRIBUTES</key>
				<array>
					<string>CodeSignOnCopy</string>
					<string>RemoveHeadersOnCopy</string>
				</array>
			</dict>
		</dict>
		<key>890EF2681CF762B300DD8477</key>
		<dict>
			<key>fileRef</key>
			<string>890EF24C1CF762B300DD8477</string>
			<key>isa</key>
			<string>PBXBuildFile</string>
		</dict>
		<key>890EF2691CF762B300DD8477</key>
		<dict>
			<key>fileRef</key>
			<string>890EF24C1CF762B300DD8477</string>
			<key>isa</key>
			<string>PBXBuildFile</string>
			<key>settings</key>
			<dict>
				<key>ATTRIBUTES</key>
				<array>
					<string>CodeSignOnCopy</string>
					<string>RemoveHeadersOnCopy</string>
				</array>
			</dict>
		</dict>
		<key>890EF26A1CF762B300DD8477</key>
		<dict>
			<key>fileRef</key>
			<string>890EF24D1CF762B300DD8477</string>
			<key>isa</key>
			<string>PBXBuildFile</string>
		</dict>
		<key>890EF26B1CF762B300DD8477</key>
		<dict>
			<key>fileRef</key>
			<string>890EF24D1CF762B300DD8477</string>
			<key>isa</key>
			<string>PBXBuildFile</string>
			<key>settings</key>
			<dict>
				<key>ATTRIBUTES</key>
				<array>
					<string>CodeSignOnCopy</string>
					<string>RemoveHeadersOnCopy</string>
				</array>
			</dict>
		</dict>
		<key>890EF26C1CF762B300DD8477</key>
		<dict>
			<key>fileRef</key>
			<string>890EF24E1CF762B300DD8477</string>
			<key>isa</key>
			<string>PBXBuildFile</string>
		</dict>
		<key>890EF26D1CF762B300DD8477</key>
		<dict>
			<key>fileRef</key>
			<string>890EF24E1CF762B300DD8477</string>
			<key>isa</key>
			<string>PBXBuildFile</string>
			<key>settings</key>
			<dict>
				<key>ATTRIBUTES</key>
				<array>
					<string>CodeSignOnCopy</string>
					<string>RemoveHeadersOnCopy</string>
				</array>
			</dict>
		</dict>
		<key>890EF26E1CF762B300DD8477</key>
		<dict>
			<key>fileRef</key>
			<string>890EF24F1CF762B300DD8477</string>
			<key>isa</key>
			<string>PBXBuildFile</string>
		</dict>
		<key>890EF26F1CF762B300DD8477</key>
		<dict>
			<key>fileRef</key>
			<string>890EF24F1CF762B300DD8477</string>
			<key>isa</key>
			<string>PBXBuildFile</string>
			<key>settings</key>
			<dict>
				<key>ATTRIBUTES</key>
				<array>
					<string>CodeSignOnCopy</string>
					<string>RemoveHeadersOnCopy</string>
				</array>
			</dict>
		</dict>
		<key>890EF2701CF762B300DD8477</key>
		<dict>
			<key>fileRef</key>
			<string>890EF2501CF762B300DD8477</string>
			<key>isa</key>
			<string>PBXBuildFile</string>
		</dict>
		<key>890EF2711CF762B300DD8477</key>
		<dict>
			<key>fileRef</key>
			<string>890EF2501CF762B300DD8477</string>
			<key>isa</key>
			<string>PBXBuildFile</string>
			<key>settings</key>
			<dict>
				<key>ATTRIBUTES</key>
				<array>
					<string>CodeSignOnCopy</string>
					<string>RemoveHeadersOnCopy</string>
				</array>
			</dict>
		</dict>
		<key>890EF2721CF762B300DD8477</key>
		<dict>
			<key>fileRef</key>
			<string>890EF2511CF762B300DD8477</string>
			<key>isa</key>
			<string>PBXBuildFile</string>
		</dict>
		<key>890EF2731CF762B300DD8477</key>
		<dict>
			<key>fileRef</key>
			<string>890EF2511CF762B300DD8477</string>
			<key>isa</key>
			<string>PBXBuildFile</string>
			<key>settings</key>
			<dict>
				<key>ATTRIBUTES</key>
				<array>
					<string>CodeSignOnCopy</string>
					<string>RemoveHeadersOnCopy</string>
				</array>
			</dict>
		</dict>
		<key>890EF2741CF762B300DD8477</key>
		<dict>
			<key>fileRef</key>
			<string>890EF2521CF762B300DD8477</string>
			<key>isa</key>
			<string>PBXBuildFile</string>
		</dict>
		<key>890EF2751CF762B300DD8477</key>
		<dict>
			<key>fileRef</key>
			<string>890EF2521CF762B300DD8477</string>
			<key>isa</key>
			<string>PBXBuildFile</string>
			<key>settings</key>
			<dict>
				<key>ATTRIBUTES</key>
				<array>
					<string>CodeSignOnCopy</string>
					<string>RemoveHeadersOnCopy</string>
				</array>
			</dict>
		</dict>
		<key>890EF2761CF762B400DD8477</key>
		<dict>
			<key>fileRef</key>
			<string>890EF2531CF762B300DD8477</string>
			<key>isa</key>
			<string>PBXBuildFile</string>
		</dict>
		<key>890EF2771CF762B400DD8477</key>
		<dict>
			<key>fileRef</key>
			<string>890EF2531CF762B300DD8477</string>
			<key>isa</key>
			<string>PBXBuildFile</string>
			<key>settings</key>
			<dict>
				<key>ATTRIBUTES</key>
				<array>
					<string>CodeSignOnCopy</string>
					<string>RemoveHeadersOnCopy</string>
				</array>
			</dict>
		</dict>
		<key>890EF2781CF762BE00DD8477</key>
		<dict>
			<key>buildActionMask</key>
			<string>2147483647</string>
			<key>files</key>
			<array/>
			<key>inputPaths</key>
			<array/>
			<key>isa</key>
			<string>PBXShellScriptBuildPhase</string>
			<key>outputPaths</key>
			<array/>
			<key>runOnlyForDeploymentPostprocessing</key>
			<string>0</string>
			<key>shellPath</key>
			<string>/bin/sh</string>
			<key>shellScript</key>
			<string>bash "${BUILT_PRODUCTS_DIR}/${FRAMEWORKS_FOLDER_PATH}/AWSCore.framework/strip-frameworks.sh"</string>
		</dict>
		<key>89351F4C1CC80BDB00708445</key>
		<dict>
			<key>fileEncoding</key>
			<string>4</string>
			<key>isa</key>
			<string>PBXFileReference</string>
			<key>lastKnownFileType</key>
			<string>sourcecode.swift</string>
			<key>path</key>
			<string>AccessDeniedViewController.swift</string>
			<key>sourceTree</key>
			<string>&lt;group&gt;</string>
		</dict>
		<key>89351F4D1CC80BDB00708445</key>
		<dict>
			<key>fileRef</key>
			<string>89351F4C1CC80BDB00708445</string>
			<key>isa</key>
			<string>PBXBuildFile</string>
		</dict>
		<key>89351F4E1CC964B200708445</key>
		<dict>
			<key>fileEncoding</key>
			<string>4</string>
			<key>isa</key>
			<string>PBXFileReference</string>
			<key>lastKnownFileType</key>
			<string>sourcecode.swift</string>
			<key>path</key>
			<string>FollowingCollectionFlowLayout.swift</string>
			<key>sourceTree</key>
			<string>&lt;group&gt;</string>
		</dict>
		<key>89351F4F1CC964B200708445</key>
		<dict>
			<key>fileRef</key>
			<string>89351F4E1CC964B200708445</string>
			<key>isa</key>
			<string>PBXBuildFile</string>
		</dict>
		<key>912BCEF941008B9E73128751</key>
		<dict>
			<key>children</key>
			<array>
				<string>B44F35E19859F1ED4E07505C</string>
				<string>A6DC6BB903B0E5FC9FABA39F</string>
			</array>
			<key>isa</key>
			<string>PBXGroup</string>
			<key>name</key>
			<string>Pods</string>
			<key>sourceTree</key>
			<string>&lt;group&gt;</string>
		</dict>
		<key>A4918E34F7209E0D472035AD</key>
		<dict>
			<key>children</key>
			<array>
				<string>F90A79A1646EC130BA5C7FDA</string>
			</array>
			<key>isa</key>
			<string>PBXGroup</string>
			<key>name</key>
			<string>Frameworks</string>
			<key>sourceTree</key>
			<string>&lt;group&gt;</string>
		</dict>
		<key>A6DC6BB903B0E5FC9FABA39F</key>
		<dict>
			<key>includeInIndex</key>
			<string>1</string>
			<key>isa</key>
			<string>PBXFileReference</string>
			<key>lastKnownFileType</key>
			<string>text.xcconfig</string>
			<key>name</key>
			<string>Pods-closetX.release.xcconfig</string>
			<key>path</key>
			<string>Pods/Target Support Files/Pods-closetX/Pods-closetX.release.xcconfig</string>
			<key>sourceTree</key>
			<string>&lt;group&gt;</string>
		</dict>
		<key>AF47BD0E1CC58082004BBB9B</key>
		<dict>
			<key>children</key>
			<array>
				<string>890EF2421CF762B300DD8477</string>
				<string>890EF2431CF762B300DD8477</string>
				<string>890EF2441CF762B300DD8477</string>
				<string>890EF2451CF762B300DD8477</string>
				<string>890EF2461CF762B300DD8477</string>
				<string>890EF2471CF762B300DD8477</string>
				<string>890EF2481CF762B300DD8477</string>
				<string>890EF2491CF762B300DD8477</string>
				<string>890EF24A1CF762B300DD8477</string>
				<string>890EF24B1CF762B300DD8477</string>
				<string>890EF24C1CF762B300DD8477</string>
				<string>890EF24D1CF762B300DD8477</string>
				<string>890EF24E1CF762B300DD8477</string>
				<string>890EF24F1CF762B300DD8477</string>
				<string>890EF2501CF762B300DD8477</string>
				<string>890EF2511CF762B300DD8477</string>
				<string>890EF2521CF762B300DD8477</string>
				<string>890EF2531CF762B300DD8477</string>
				<string>890EF2301CF4ED3F00DD8477</string>
				<string>890EF2311CF4ED3F00DD8477</string>
				<string>890EF2321CF4ED3F00DD8477</string>
				<string>890EF2331CF4ED3F00DD8477</string>
				<string>890EF2341CF4ED3F00DD8477</string>
				<string>890EF2351CF4ED3F00DD8477</string>
				<string>890EF2361CF4ED3F00DD8477</string>
				<string>890EF2371CF4ED3F00DD8477</string>
				<string>890EF2381CF4ED3F00DD8477</string>
				<string>890EF2391CF4ED3F00DD8477</string>
				<string>AF47BD191CC58082004BBB9B</string>
				<string>AF47BD4E1CC7FEF4004BBB9B</string>
				<string>AF47BD181CC58082004BBB9B</string>
				<string>AF47BD331CC7F212004BBB9B</string>
				<string>912BCEF941008B9E73128751</string>
				<string>A4918E34F7209E0D472035AD</string>
			</array>
			<key>isa</key>
			<string>PBXGroup</string>
			<key>sourceTree</key>
			<string>&lt;group&gt;</string>
		</dict>
		<key>AF47BD0F1CC58082004BBB9B</key>
		<dict>
			<key>attributes</key>
			<dict>
				<key>LastSwiftUpdateCheck</key>
				<string>0730</string>
				<key>LastUpgradeCheck</key>
				<string>0730</string>
				<key>ORGANIZATIONNAME</key>
				<string>Lacey Vu</string>
				<key>TargetAttributes</key>
				<dict>
					<key>AF47BD161CC58082004BBB9B</key>
					<dict>
						<key>CreatedOnToolsVersion</key>
						<string>7.3</string>
					</dict>
				</dict>
			</dict>
			<key>buildConfigurationList</key>
			<string>AF47BD121CC58082004BBB9B</string>
			<key>compatibilityVersion</key>
			<string>Xcode 3.2</string>
			<key>developmentRegion</key>
			<string>English</string>
			<key>hasScannedForEncodings</key>
			<string>0</string>
			<key>isa</key>
			<string>PBXProject</string>
			<key>knownRegions</key>
			<array>
				<string>en</string>
				<string>Base</string>
			</array>
			<key>mainGroup</key>
			<string>AF47BD0E1CC58082004BBB9B</string>
			<key>productRefGroup</key>
			<string>AF47BD181CC58082004BBB9B</string>
			<key>projectDirPath</key>
			<string></string>
			<key>projectReferences</key>
			<array/>
			<key>projectRoot</key>
			<string></string>
			<key>targets</key>
			<array>
				<string>AF47BD161CC58082004BBB9B</string>
			</array>
		</dict>
		<key>AF47BD121CC58082004BBB9B</key>
		<dict>
			<key>buildConfigurations</key>
			<array>
				<string>AF47BD2A1CC58082004BBB9B</string>
				<string>AF47BD2B1CC58082004BBB9B</string>
			</array>
			<key>defaultConfigurationIsVisible</key>
			<string>0</string>
			<key>defaultConfigurationName</key>
			<string>Release</string>
			<key>isa</key>
			<string>XCConfigurationList</string>
		</dict>
		<key>AF47BD131CC58082004BBB9B</key>
		<dict>
			<key>buildActionMask</key>
			<string>2147483647</string>
			<key>files</key>
			<array>
				<string>AF47BD471CC7F2A2004BBB9B</string>
				<string>AF47BD491CC7F2A8004BBB9B</string>
				<string>89351F4D1CC80BDB00708445</string>
				<string>AF47BD3E1CC7F213004BBB9B</string>
				<string>AF47BD3D1CC7F213004BBB9B</string>
				<string>AF47BD1D1CC58082004BBB9B</string>
				<string>AF47BD231CC58082004BBB9B</string>
				<string>AF47BD4B1CC7F2AE004BBB9B</string>
				<string>AF47BD3C1CC7F213004BBB9B</string>
				<string>89351F4F1CC964B200708445</string>
				<string>AF47BD4D1CC7F2C2004BBB9B</string>
				<string>AF47BD3F1CC7F213004BBB9B</string>
				<string>AF47BD431CC7F286004BBB9B</string>
				<string>AF47BD5A1CC94771004BBB9B</string>
				<string>AF47BD451CC7F29A004BBB9B</string>
				<string>AF47BD1B1CC58082004BBB9B</string>
			</array>
			<key>isa</key>
			<string>PBXSourcesBuildPhase</string>
			<key>runOnlyForDeploymentPostprocessing</key>
			<string>0</string>
		</dict>
		<key>AF47BD141CC58082004BBB9B</key>
		<dict>
			<key>buildActionMask</key>
			<string>2147483647</string>
			<key>files</key>
			<array>
				<string>890EF26A1CF762B300DD8477</string>
				<string>890EF2561CF762B300DD8477</string>
				<string>890EF25C1CF762B300DD8477</string>
				<string>890EF25E1CF762B300DD8477</string>
				<string>890EF26C1CF762B300DD8477</string>
				<string>890EF2681CF762B300DD8477</string>
				<string>890EF2641CF762B300DD8477</string>
				<string>890EF25A1CF762B300DD8477</string>
				<string>890EF2661CF762B300DD8477</string>
				<string>890EF2541CF762B300DD8477</string>
				<string>890EF2761CF762B400DD8477</string>
				<string>890EF23C1CF4ED3F00DD8477</string>
				<string>890EF2621CF762B300DD8477</string>
				<string>890EF26E1CF762B300DD8477</string>
				<string>890EF23A1CF4ED3F00DD8477</string>
				<string>890EF2741CF762B300DD8477</string>
				<string>890EF2581CF762B300DD8477</string>
				<string>890EF2701CF762B300DD8477</string>
				<string>890EF2721CF762B300DD8477</string>
				<string>890EF2601CF762B300DD8477</string>
				<string>205BBB76C3D380ED9FF6A339</string>
			</array>
			<key>isa</key>
			<string>PBXFrameworksBuildPhase</string>
			<key>runOnlyForDeploymentPostprocessing</key>
			<string>0</string>
		</dict>
		<key>AF47BD151CC58082004BBB9B</key>
		<dict>
			<key>buildActionMask</key>
			<string>2147483647</string>
			<key>files</key>
			<array>
				<string>AF47BD281CC58082004BBB9B</string>
				<string>AF47BD581CC946C2004BBB9B</string>
				<string>AF47BD571CC946C2004BBB9B</string>
				<string>AF47BD251CC58082004BBB9B</string>
				<string>AF47BD201CC58082004BBB9B</string>
				<string>AF47BD561CC946C2004BBB9B</string>
				<string>AF47BD551CC946C2004BBB9B</string>
				<string>AF47BD541CC946C2004BBB9B</string>
			</array>
			<key>isa</key>
			<string>PBXResourcesBuildPhase</string>
			<key>runOnlyForDeploymentPostprocessing</key>
			<string>0</string>
		</dict>
		<key>AF47BD161CC58082004BBB9B</key>
		<dict>
			<key>buildConfigurationList</key>
			<string>AF47BD2C1CC58082004BBB9B</string>
			<key>buildPhases</key>
			<array>
				<string>E322E8FBDF8356C418189104</string>
				<string>AF47BD131CC58082004BBB9B</string>
				<string>AF47BD141CC58082004BBB9B</string>
				<string>AF47BD151CC58082004BBB9B</string>
				<string>890EF23E1CF4ED3F00DD8477</string>
				<string>890EF2411CF4EDC000DD8477</string>
				<string>890EF2781CF762BE00DD8477</string>
				<string>85838D0AAF1E0F8BB949B63B</string>
				<string>8651BCB0EBBD4AC4443BAF33</string>
			</array>
			<key>buildRules</key>
			<array/>
			<key>dependencies</key>
			<array/>
			<key>isa</key>
			<string>PBXNativeTarget</string>
			<key>name</key>
			<string>closetX</string>
			<key>productName</key>
			<string>closetX</string>
			<key>productReference</key>
			<string>AF47BD171CC58082004BBB9B</string>
			<key>productType</key>
			<string>com.apple.product-type.application</string>
		</dict>
		<key>AF47BD171CC58082004BBB9B</key>
		<dict>
			<key>explicitFileType</key>
			<string>wrapper.application</string>
			<key>includeInIndex</key>
			<string>0</string>
			<key>isa</key>
			<string>PBXFileReference</string>
			<key>path</key>
			<string>closetX.app</string>
			<key>sourceTree</key>
			<string>BUILT_PRODUCTS_DIR</string>
		</dict>
		<key>AF47BD181CC58082004BBB9B</key>
		<dict>
			<key>children</key>
			<array>
				<string>AF47BD171CC58082004BBB9B</string>
			</array>
			<key>isa</key>
			<string>PBXGroup</string>
			<key>name</key>
			<string>Products</string>
			<key>sourceTree</key>
			<string>&lt;group&gt;</string>
		</dict>
		<key>AF47BD191CC58082004BBB9B</key>
		<dict>
			<key>children</key>
			<array>
				<string>AF47BD2F1CC7ED99004BBB9B</string>
				<string>AF47BD301CC7EDA5004BBB9B</string>
				<string>AF47BD311CC7EDB3004BBB9B</string>
				<string>AF47BD321CC7EDC4004BBB9B</string>
			</array>
			<key>isa</key>
			<string>PBXGroup</string>
			<key>path</key>
			<string>closetX</string>
			<key>sourceTree</key>
			<string>&lt;group&gt;</string>
		</dict>
		<key>AF47BD1A1CC58082004BBB9B</key>
		<dict>
			<key>isa</key>
			<string>PBXFileReference</string>
			<key>lastKnownFileType</key>
			<string>sourcecode.swift</string>
			<key>path</key>
			<string>AppDelegate.swift</string>
			<key>sourceTree</key>
			<string>&lt;group&gt;</string>
		</dict>
		<key>AF47BD1B1CC58082004BBB9B</key>
		<dict>
			<key>fileRef</key>
			<string>AF47BD1A1CC58082004BBB9B</string>
			<key>isa</key>
			<string>PBXBuildFile</string>
		</dict>
		<key>AF47BD1C1CC58082004BBB9B</key>
		<dict>
			<key>isa</key>
			<string>PBXFileReference</string>
			<key>lastKnownFileType</key>
			<string>sourcecode.swift</string>
			<key>path</key>
			<string>HomeViewController.swift</string>
			<key>sourceTree</key>
			<string>&lt;group&gt;</string>
		</dict>
		<key>AF47BD1D1CC58082004BBB9B</key>
		<dict>
			<key>fileRef</key>
			<string>AF47BD1C1CC58082004BBB9B</string>
			<key>isa</key>
			<string>PBXBuildFile</string>
		</dict>
		<key>AF47BD1E1CC58082004BBB9B</key>
		<dict>
			<key>children</key>
			<array>
				<string>AF47BD1F1CC58082004BBB9B</string>
			</array>
			<key>isa</key>
			<string>PBXVariantGroup</string>
			<key>name</key>
			<string>Main.storyboard</string>
			<key>sourceTree</key>
			<string>&lt;group&gt;</string>
		</dict>
		<key>AF47BD1F1CC58082004BBB9B</key>
		<dict>
			<key>isa</key>
			<string>PBXFileReference</string>
			<key>lastKnownFileType</key>
			<string>file.storyboard</string>
			<key>name</key>
			<string>Base</string>
			<key>path</key>
			<string>Base.lproj/Main.storyboard</string>
			<key>sourceTree</key>
			<string>&lt;group&gt;</string>
		</dict>
		<key>AF47BD201CC58082004BBB9B</key>
		<dict>
			<key>fileRef</key>
			<string>AF47BD1E1CC58082004BBB9B</string>
			<key>isa</key>
			<string>PBXBuildFile</string>
		</dict>
		<key>AF47BD211CC58082004BBB9B</key>
		<dict>
			<key>children</key>
			<array>
				<string>AF47BD221CC58082004BBB9B</string>
			</array>
			<key>currentVersion</key>
			<string>AF47BD221CC58082004BBB9B</string>
			<key>isa</key>
			<string>XCVersionGroup</string>
			<key>path</key>
			<string>closetX.xcdatamodeld</string>
			<key>sourceTree</key>
			<string>&lt;group&gt;</string>
			<key>versionGroupType</key>
			<string>wrapper.xcdatamodel</string>
		</dict>
		<key>AF47BD221CC58082004BBB9B</key>
		<dict>
			<key>isa</key>
			<string>PBXFileReference</string>
			<key>lastKnownFileType</key>
			<string>wrapper.xcdatamodel</string>
			<key>path</key>
			<string>closetX.xcdatamodel</string>
			<key>sourceTree</key>
			<string>&lt;group&gt;</string>
		</dict>
		<key>AF47BD231CC58082004BBB9B</key>
		<dict>
			<key>fileRef</key>
			<string>AF47BD211CC58082004BBB9B</string>
			<key>isa</key>
			<string>PBXBuildFile</string>
		</dict>
		<key>AF47BD241CC58082004BBB9B</key>
		<dict>
			<key>isa</key>
			<string>PBXFileReference</string>
			<key>lastKnownFileType</key>
			<string>folder.assetcatalog</string>
			<key>path</key>
			<string>Assets.xcassets</string>
			<key>sourceTree</key>
			<string>&lt;group&gt;</string>
		</dict>
		<key>AF47BD251CC58082004BBB9B</key>
		<dict>
			<key>fileRef</key>
			<string>AF47BD241CC58082004BBB9B</string>
			<key>isa</key>
			<string>PBXBuildFile</string>
		</dict>
		<key>AF47BD261CC58082004BBB9B</key>
		<dict>
			<key>children</key>
			<array>
				<string>AF47BD271CC58082004BBB9B</string>
			</array>
			<key>isa</key>
			<string>PBXVariantGroup</string>
			<key>name</key>
			<string>LaunchScreen.storyboard</string>
			<key>sourceTree</key>
			<string>&lt;group&gt;</string>
		</dict>
		<key>AF47BD271CC58082004BBB9B</key>
		<dict>
			<key>isa</key>
			<string>PBXFileReference</string>
			<key>lastKnownFileType</key>
			<string>file.storyboard</string>
			<key>name</key>
			<string>Base</string>
			<key>path</key>
			<string>Base.lproj/LaunchScreen.storyboard</string>
			<key>sourceTree</key>
			<string>&lt;group&gt;</string>
		</dict>
		<key>AF47BD281CC58082004BBB9B</key>
		<dict>
			<key>fileRef</key>
			<string>AF47BD261CC58082004BBB9B</string>
			<key>isa</key>
			<string>PBXBuildFile</string>
		</dict>
		<key>AF47BD291CC58082004BBB9B</key>
		<dict>
			<key>isa</key>
			<string>PBXFileReference</string>
			<key>lastKnownFileType</key>
			<string>text.plist.xml</string>
			<key>path</key>
			<string>Info.plist</string>
			<key>sourceTree</key>
			<string>&lt;group&gt;</string>
		</dict>
		<key>AF47BD2A1CC58082004BBB9B</key>
		<dict>
			<key>buildSettings</key>
			<dict>
				<key>ALWAYS_SEARCH_USER_PATHS</key>
				<string>NO</string>
				<key>CLANG_ANALYZER_NONNULL</key>
				<string>YES</string>
				<key>CLANG_CXX_LANGUAGE_STANDARD</key>
				<string>gnu++0x</string>
				<key>CLANG_CXX_LIBRARY</key>
				<string>libc++</string>
				<key>CLANG_ENABLE_MODULES</key>
				<string>YES</string>
				<key>CLANG_ENABLE_OBJC_ARC</key>
				<string>YES</string>
				<key>CLANG_WARN_BOOL_CONVERSION</key>
				<string>YES</string>
				<key>CLANG_WARN_CONSTANT_CONVERSION</key>
				<string>YES</string>
				<key>CLANG_WARN_DIRECT_OBJC_ISA_USAGE</key>
				<string>YES_ERROR</string>
				<key>CLANG_WARN_EMPTY_BODY</key>
				<string>YES</string>
				<key>CLANG_WARN_ENUM_CONVERSION</key>
				<string>YES</string>
				<key>CLANG_WARN_INT_CONVERSION</key>
				<string>YES</string>
				<key>CLANG_WARN_OBJC_ROOT_CLASS</key>
				<string>YES_ERROR</string>
				<key>CLANG_WARN_UNREACHABLE_CODE</key>
				<string>YES</string>
				<key>CLANG_WARN__DUPLICATE_METHOD_MATCH</key>
				<string>YES</string>
				<key>CODE_SIGN_IDENTITY[sdk=iphoneos*]</key>
				<string>iPhone Developer</string>
				<key>COPY_PHASE_STRIP</key>
				<string>NO</string>
				<key>DEBUG_INFORMATION_FORMAT</key>
				<string>dwarf</string>
				<key>ENABLE_STRICT_OBJC_MSGSEND</key>
				<string>YES</string>
				<key>ENABLE_TESTABILITY</key>
				<string>YES</string>
				<key>GCC_C_LANGUAGE_STANDARD</key>
				<string>gnu99</string>
				<key>GCC_DYNAMIC_NO_PIC</key>
				<string>NO</string>
				<key>GCC_NO_COMMON_BLOCKS</key>
				<string>YES</string>
				<key>GCC_OPTIMIZATION_LEVEL</key>
				<string>0</string>
				<key>GCC_PREPROCESSOR_DEFINITIONS</key>
				<array>
					<string>DEBUG=1</string>
					<string>$(inherited)</string>
				</array>
				<key>GCC_WARN_64_TO_32_BIT_CONVERSION</key>
				<string>YES</string>
				<key>GCC_WARN_ABOUT_RETURN_TYPE</key>
				<string>YES_ERROR</string>
				<key>GCC_WARN_UNDECLARED_SELECTOR</key>
				<string>YES</string>
				<key>GCC_WARN_UNINITIALIZED_AUTOS</key>
				<string>YES_AGGRESSIVE</string>
				<key>GCC_WARN_UNUSED_FUNCTION</key>
				<string>YES</string>
				<key>GCC_WARN_UNUSED_VARIABLE</key>
				<string>YES</string>
				<key>IPHONEOS_DEPLOYMENT_TARGET</key>
				<string>9.3</string>
				<key>MTL_ENABLE_DEBUG_INFO</key>
				<string>YES</string>
				<key>ONLY_ACTIVE_ARCH</key>
				<string>YES</string>
				<key>SDKROOT</key>
				<string>iphoneos</string>
				<key>SWIFT_OPTIMIZATION_LEVEL</key>
				<string>-Onone</string>
				<key>TARGETED_DEVICE_FAMILY</key>
				<string>1,2</string>
			</dict>
			<key>isa</key>
			<string>XCBuildConfiguration</string>
			<key>name</key>
			<string>Debug</string>
		</dict>
		<key>AF47BD2B1CC58082004BBB9B</key>
		<dict>
			<key>buildSettings</key>
			<dict>
				<key>ALWAYS_SEARCH_USER_PATHS</key>
				<string>NO</string>
				<key>CLANG_ANALYZER_NONNULL</key>
				<string>YES</string>
				<key>CLANG_CXX_LANGUAGE_STANDARD</key>
				<string>gnu++0x</string>
				<key>CLANG_CXX_LIBRARY</key>
				<string>libc++</string>
				<key>CLANG_ENABLE_MODULES</key>
				<string>YES</string>
				<key>CLANG_ENABLE_OBJC_ARC</key>
				<string>YES</string>
				<key>CLANG_WARN_BOOL_CONVERSION</key>
				<string>YES</string>
				<key>CLANG_WARN_CONSTANT_CONVERSION</key>
				<string>YES</string>
				<key>CLANG_WARN_DIRECT_OBJC_ISA_USAGE</key>
				<string>YES_ERROR</string>
				<key>CLANG_WARN_EMPTY_BODY</key>
				<string>YES</string>
				<key>CLANG_WARN_ENUM_CONVERSION</key>
				<string>YES</string>
				<key>CLANG_WARN_INT_CONVERSION</key>
				<string>YES</string>
				<key>CLANG_WARN_OBJC_ROOT_CLASS</key>
				<string>YES_ERROR</string>
				<key>CLANG_WARN_UNREACHABLE_CODE</key>
				<string>YES</string>
				<key>CLANG_WARN__DUPLICATE_METHOD_MATCH</key>
				<string>YES</string>
				<key>CODE_SIGN_IDENTITY[sdk=iphoneos*]</key>
				<string>iPhone Developer</string>
				<key>COPY_PHASE_STRIP</key>
				<string>NO</string>
				<key>DEBUG_INFORMATION_FORMAT</key>
				<string>dwarf-with-dsym</string>
				<key>ENABLE_NS_ASSERTIONS</key>
				<string>NO</string>
				<key>ENABLE_STRICT_OBJC_MSGSEND</key>
				<string>YES</string>
				<key>GCC_C_LANGUAGE_STANDARD</key>
				<string>gnu99</string>
				<key>GCC_NO_COMMON_BLOCKS</key>
				<string>YES</string>
				<key>GCC_WARN_64_TO_32_BIT_CONVERSION</key>
				<string>YES</string>
				<key>GCC_WARN_ABOUT_RETURN_TYPE</key>
				<string>YES_ERROR</string>
				<key>GCC_WARN_UNDECLARED_SELECTOR</key>
				<string>YES</string>
				<key>GCC_WARN_UNINITIALIZED_AUTOS</key>
				<string>YES_AGGRESSIVE</string>
				<key>GCC_WARN_UNUSED_FUNCTION</key>
				<string>YES</string>
				<key>GCC_WARN_UNUSED_VARIABLE</key>
				<string>YES</string>
				<key>IPHONEOS_DEPLOYMENT_TARGET</key>
				<string>9.3</string>
				<key>MTL_ENABLE_DEBUG_INFO</key>
				<string>NO</string>
				<key>SDKROOT</key>
				<string>iphoneos</string>
				<key>TARGETED_DEVICE_FAMILY</key>
				<string>1,2</string>
				<key>VALIDATE_PRODUCT</key>
				<string>YES</string>
			</dict>
			<key>isa</key>
			<string>XCBuildConfiguration</string>
			<key>name</key>
			<string>Release</string>
		</dict>
		<key>AF47BD2C1CC58082004BBB9B</key>
		<dict>
			<key>buildConfigurations</key>
			<array>
				<string>AF47BD2D1CC58082004BBB9B</string>
				<string>AF47BD2E1CC58082004BBB9B</string>
			</array>
			<key>defaultConfigurationIsVisible</key>
			<string>0</string>
			<key>defaultConfigurationName</key>
			<string>Release</string>
			<key>isa</key>
			<string>XCConfigurationList</string>
		</dict>
		<key>AF47BD2D1CC58082004BBB9B</key>
		<dict>
			<key>baseConfigurationReference</key>
			<string>B44F35E19859F1ED4E07505C</string>
			<key>buildSettings</key>
			<dict>
				<key>ASSETCATALOG_COMPILER_APPICON_NAME</key>
				<string>AppIcon</string>
				<key>CLANG_ENABLE_MODULES</key>
				<string>YES</string>
				<key>FRAMEWORK_SEARCH_PATHS</key>
				<array>
					<string>$(inherited)</string>
					<string>$(PROJECT_DIR)/Carthage/Build/iOS</string>
				</array>
				<key>INFOPLIST_FILE</key>
				<string>closetX/Info.plist</string>
				<key>LD_RUNPATH_SEARCH_PATHS</key>
				<string>$(inherited) @executable_path/Frameworks</string>
				<key>PRODUCT_BUNDLE_IDENTIFIER</key>
				<string>com.laceyvu.closetX</string>
				<key>PRODUCT_NAME</key>
				<string>$(TARGET_NAME)</string>
				<key>SWIFT_OBJC_BRIDGING_HEADER</key>
				<string>closetX-Bridging-Header.h</string>
				<key>SWIFT_OPTIMIZATION_LEVEL</key>
				<string>-Onone</string>
			</dict>
			<key>isa</key>
			<string>XCBuildConfiguration</string>
			<key>name</key>
			<string>Debug</string>
		</dict>
		<key>AF47BD2E1CC58082004BBB9B</key>
		<dict>
			<key>baseConfigurationReference</key>
			<string>A6DC6BB903B0E5FC9FABA39F</string>
			<key>buildSettings</key>
			<dict>
				<key>ASSETCATALOG_COMPILER_APPICON_NAME</key>
				<string>AppIcon</string>
				<key>CLANG_ENABLE_MODULES</key>
				<string>YES</string>
				<key>FRAMEWORK_SEARCH_PATHS</key>
				<array>
					<string>$(inherited)</string>
					<string>$(PROJECT_DIR)/Carthage/Build/iOS</string>
				</array>
				<key>INFOPLIST_FILE</key>
				<string>closetX/Info.plist</string>
				<key>LD_RUNPATH_SEARCH_PATHS</key>
				<string>$(inherited) @executable_path/Frameworks</string>
				<key>PRODUCT_BUNDLE_IDENTIFIER</key>
				<string>com.laceyvu.closetX</string>
				<key>PRODUCT_NAME</key>
				<string>$(TARGET_NAME)</string>
				<key>SWIFT_OBJC_BRIDGING_HEADER</key>
				<string>closetX-Bridging-Header.h</string>
			</dict>
			<key>isa</key>
			<string>XCBuildConfiguration</string>
			<key>name</key>
			<string>Release</string>
		</dict>
		<key>AF47BD2F1CC7ED99004BBB9B</key>
		<dict>
			<key>children</key>
			<array>
				<string>AF47BD1C1CC58082004BBB9B</string>
				<string>AF47BD4C1CC7F2C2004BBB9B</string>
				<string>AF47BD421CC7F286004BBB9B</string>
				<string>AF47BD441CC7F29A004BBB9B</string>
				<string>89351F4E1CC964B200708445</string>
				<string>AF47BD591CC94771004BBB9B</string>
				<string>AF47BD461CC7F2A2004BBB9B</string>
				<string>AF47BD481CC7F2A8004BBB9B</string>
				<string>AF47BD4A1CC7F2AE004BBB9B</string>
				<string>89351F4C1CC80BDB00708445</string>
			</array>
			<key>isa</key>
			<string>PBXGroup</string>
			<key>name</key>
			<string>Controllers</string>
			<key>sourceTree</key>
			<string>&lt;group&gt;</string>
		</dict>
		<key>AF47BD301CC7EDA5004BBB9B</key>
		<dict>
			<key>children</key>
			<array>
				<string>AF47BD1E1CC58082004BBB9B</string>
				<string>AF47BD261CC58082004BBB9B</string>
			</array>
			<key>isa</key>
			<string>PBXGroup</string>
			<key>name</key>
			<string>View</string>
			<key>sourceTree</key>
			<string>&lt;group&gt;</string>
		</dict>
		<key>AF47BD311CC7EDB3004BBB9B</key>
		<dict>
			<key>children</key>
			<array>
				<string>AF47BD241CC58082004BBB9B</string>
				<string>AF47BD1A1CC58082004BBB9B</string>
				<string>AF47BD291CC58082004BBB9B</string>
			</array>
			<key>isa</key>
			<string>PBXGroup</string>
			<key>name</key>
			<string>Global</string>
			<key>sourceTree</key>
			<string>&lt;group&gt;</string>
		</dict>
		<key>AF47BD321CC7EDC4004BBB9B</key>
		<dict>
			<key>children</key>
			<array>
				<string>AF47BD401CC7F23D004BBB9B</string>
				<string>AF47BD411CC7F24C004BBB9B</string>
				<string>AF47BD211CC58082004BBB9B</string>
			</array>
			<key>isa</key>
			<string>PBXGroup</string>
			<key>name</key>
			<string>Model</string>
			<key>sourceTree</key>
			<string>&lt;group&gt;</string>
		</dict>
		<key>AF47BD331CC7F212004BBB9B</key>
		<dict>
			<key>isa</key>
			<string>PBXFileReference</string>
			<key>lastKnownFileType</key>
			<string>sourcecode.c.h</string>
			<key>path</key>
			<string>closetX-Bridging-Header.h</string>
			<key>sourceTree</key>
			<string>&lt;group&gt;</string>
		</dict>
		<key>AF47BD341CC7F213004BBB9B</key>
		<dict>
			<key>fileEncoding</key>
			<string>4</string>
			<key>isa</key>
			<string>PBXFileReference</string>
			<key>lastKnownFileType</key>
			<string>sourcecode.c.h</string>
			<key>path</key>
			<string>User+CoreDataProperties.h</string>
			<key>sourceTree</key>
			<string>&lt;group&gt;</string>
		</dict>
		<key>AF47BD351CC7F213004BBB9B</key>
		<dict>
			<key>fileEncoding</key>
			<string>4</string>
			<key>isa</key>
			<string>PBXFileReference</string>
			<key>lastKnownFileType</key>
			<string>sourcecode.c.objc</string>
			<key>path</key>
			<string>User+CoreDataProperties.m</string>
			<key>sourceTree</key>
			<string>&lt;group&gt;</string>
		</dict>
		<key>AF47BD361CC7F213004BBB9B</key>
		<dict>
			<key>fileEncoding</key>
			<string>4</string>
			<key>isa</key>
			<string>PBXFileReference</string>
			<key>lastKnownFileType</key>
			<string>sourcecode.c.h</string>
			<key>path</key>
			<string>User.h</string>
			<key>sourceTree</key>
			<string>&lt;group&gt;</string>
		</dict>
		<key>AF47BD371CC7F213004BBB9B</key>
		<dict>
			<key>fileEncoding</key>
			<string>4</string>
			<key>isa</key>
			<string>PBXFileReference</string>
			<key>lastKnownFileType</key>
			<string>sourcecode.c.objc</string>
			<key>path</key>
			<string>User.m</string>
			<key>sourceTree</key>
			<string>&lt;group&gt;</string>
		</dict>
		<key>AF47BD381CC7F213004BBB9B</key>
		<dict>
			<key>fileEncoding</key>
			<string>4</string>
			<key>isa</key>
			<string>PBXFileReference</string>
			<key>lastKnownFileType</key>
			<string>sourcecode.c.h</string>
			<key>path</key>
			<string>Item+CoreDataProperties.h</string>
			<key>sourceTree</key>
			<string>&lt;group&gt;</string>
		</dict>
		<key>AF47BD391CC7F213004BBB9B</key>
		<dict>
			<key>fileEncoding</key>
			<string>4</string>
			<key>isa</key>
			<string>PBXFileReference</string>
			<key>lastKnownFileType</key>
			<string>sourcecode.c.objc</string>
			<key>path</key>
			<string>Item+CoreDataProperties.m</string>
			<key>sourceTree</key>
			<string>&lt;group&gt;</string>
		</dict>
		<key>AF47BD3A1CC7F213004BBB9B</key>
		<dict>
			<key>fileEncoding</key>
			<string>4</string>
			<key>isa</key>
			<string>PBXFileReference</string>
			<key>lastKnownFileType</key>
			<string>sourcecode.c.h</string>
			<key>path</key>
			<string>Item.h</string>
			<key>sourceTree</key>
			<string>&lt;group&gt;</string>
		</dict>
		<key>AF47BD3B1CC7F213004BBB9B</key>
		<dict>
			<key>fileEncoding</key>
			<string>4</string>
			<key>isa</key>
			<string>PBXFileReference</string>
			<key>lastKnownFileType</key>
			<string>sourcecode.c.objc</string>
			<key>path</key>
			<string>Item.m</string>
			<key>sourceTree</key>
			<string>&lt;group&gt;</string>
		</dict>
		<key>AF47BD3C1CC7F213004BBB9B</key>
		<dict>
			<key>fileRef</key>
			<string>AF47BD351CC7F213004BBB9B</string>
			<key>isa</key>
			<string>PBXBuildFile</string>
		</dict>
		<key>AF47BD3D1CC7F213004BBB9B</key>
		<dict>
			<key>fileRef</key>
			<string>AF47BD371CC7F213004BBB9B</string>
			<key>isa</key>
			<string>PBXBuildFile</string>
		</dict>
		<key>AF47BD3E1CC7F213004BBB9B</key>
		<dict>
			<key>fileRef</key>
			<string>AF47BD391CC7F213004BBB9B</string>
			<key>isa</key>
			<string>PBXBuildFile</string>
		</dict>
		<key>AF47BD3F1CC7F213004BBB9B</key>
		<dict>
			<key>fileRef</key>
			<string>AF47BD3B1CC7F213004BBB9B</string>
			<key>isa</key>
			<string>PBXBuildFile</string>
		</dict>
		<key>AF47BD401CC7F23D004BBB9B</key>
		<dict>
			<key>children</key>
			<array>
				<string>AF47BD3A1CC7F213004BBB9B</string>
				<string>AF47BD3B1CC7F213004BBB9B</string>
				<string>AF47BD361CC7F213004BBB9B</string>
				<string>AF47BD371CC7F213004BBB9B</string>
			</array>
			<key>isa</key>
			<string>PBXGroup</string>
			<key>name</key>
			<string>class</string>
			<key>path</key>
			<string>..</string>
			<key>sourceTree</key>
			<string>&lt;group&gt;</string>
		</dict>
		<key>AF47BD411CC7F24C004BBB9B</key>
		<dict>
			<key>children</key>
			<array>
				<string>AF47BD341CC7F213004BBB9B</string>
				<string>AF47BD351CC7F213004BBB9B</string>
				<string>AF47BD381CC7F213004BBB9B</string>
				<string>AF47BD391CC7F213004BBB9B</string>
			</array>
			<key>isa</key>
			<string>PBXGroup</string>
			<key>name</key>
			<string>categories</string>
			<key>path</key>
			<string>..</string>
			<key>sourceTree</key>
			<string>&lt;group&gt;</string>
		</dict>
		<key>AF47BD421CC7F286004BBB9B</key>
		<dict>
			<key>fileEncoding</key>
			<string>4</string>
			<key>isa</key>
			<string>PBXFileReference</string>
			<key>lastKnownFileType</key>
			<string>sourcecode.swift</string>
			<key>path</key>
			<string>ProfileViewController.swift</string>
			<key>sourceTree</key>
			<string>&lt;group&gt;</string>
		</dict>
		<key>AF47BD431CC7F286004BBB9B</key>
		<dict>
			<key>fileRef</key>
			<string>AF47BD421CC7F286004BBB9B</string>
			<key>isa</key>
			<string>PBXBuildFile</string>
		</dict>
		<key>AF47BD441CC7F29A004BBB9B</key>
		<dict>
			<key>fileEncoding</key>
			<string>4</string>
			<key>isa</key>
			<string>PBXFileReference</string>
			<key>lastKnownFileType</key>
			<string>sourcecode.swift</string>
			<key>path</key>
			<string>FollowingViewController.swift</string>
			<key>sourceTree</key>
			<string>&lt;group&gt;</string>
		</dict>
		<key>AF47BD451CC7F29A004BBB9B</key>
		<dict>
			<key>fileRef</key>
			<string>AF47BD441CC7F29A004BBB9B</string>
			<key>isa</key>
			<string>PBXBuildFile</string>
		</dict>
		<key>AF47BD461CC7F2A2004BBB9B</key>
		<dict>
			<key>fileEncoding</key>
			<string>4</string>
			<key>isa</key>
			<string>PBXFileReference</string>
			<key>lastKnownFileType</key>
			<string>sourcecode.swift</string>
			<key>path</key>
			<string>CategoryViewController.swift</string>
			<key>sourceTree</key>
			<string>&lt;group&gt;</string>
		</dict>
		<key>AF47BD471CC7F2A2004BBB9B</key>
		<dict>
			<key>fileRef</key>
			<string>AF47BD461CC7F2A2004BBB9B</string>
			<key>isa</key>
			<string>PBXBuildFile</string>
		</dict>
		<key>AF47BD481CC7F2A8004BBB9B</key>
		<dict>
			<key>fileEncoding</key>
			<string>4</string>
			<key>isa</key>
			<string>PBXFileReference</string>
			<key>lastKnownFileType</key>
			<string>sourcecode.swift</string>
			<key>path</key>
			<string>UploadViewController.swift</string>
			<key>sourceTree</key>
			<string>&lt;group&gt;</string>
		</dict>
		<key>AF47BD491CC7F2A8004BBB9B</key>
		<dict>
			<key>fileRef</key>
			<string>AF47BD481CC7F2A8004BBB9B</string>
			<key>isa</key>
			<string>PBXBuildFile</string>
		</dict>
		<key>AF47BD4A1CC7F2AE004BBB9B</key>
		<dict>
			<key>fileEncoding</key>
			<string>4</string>
			<key>isa</key>
			<string>PBXFileReference</string>
			<key>lastKnownFileType</key>
			<string>sourcecode.swift</string>
			<key>path</key>
			<string>ProductViewController.swift</string>
			<key>sourceTree</key>
			<string>&lt;group&gt;</string>
		</dict>
		<key>AF47BD4B1CC7F2AE004BBB9B</key>
		<dict>
			<key>fileRef</key>
			<string>AF47BD4A1CC7F2AE004BBB9B</string>
			<key>isa</key>
			<string>PBXBuildFile</string>
		</dict>
		<key>AF47BD4C1CC7F2C2004BBB9B</key>
		<dict>
			<key>fileEncoding</key>
			<string>4</string>
			<key>isa</key>
			<string>PBXFileReference</string>
			<key>lastKnownFileType</key>
			<string>sourcecode.swift</string>
			<key>path</key>
			<string>SearchViewController.swift</string>
			<key>sourceTree</key>
			<string>&lt;group&gt;</string>
		</dict>
		<key>AF47BD4D1CC7F2C2004BBB9B</key>
		<dict>
			<key>fileRef</key>
			<string>AF47BD4C1CC7F2C2004BBB9B</string>
			<key>isa</key>
			<string>PBXBuildFile</string>
		</dict>
		<key>AF47BD4E1CC7FEF4004BBB9B</key>
		<dict>
			<key>children</key>
			<array>
				<string>AF47BD4F1CC946C2004BBB9B</string>
				<string>AF47BD501CC946C2004BBB9B</string>
				<string>AF47BD511CC946C2004BBB9B</string>
				<string>AF47BD521CC946C2004BBB9B</string>
				<string>AF47BD531CC946C2004BBB9B</string>
			</array>
			<key>isa</key>
			<string>PBXGroup</string>
			<key>name</key>
			<string>Images</string>
			<key>path</key>
			<string>closetX</string>
			<key>sourceTree</key>
			<string>&lt;group&gt;</string>
		</dict>
		<key>AF47BD4F1CC946C2004BBB9B</key>
		<dict>
			<key>isa</key>
			<string>PBXFileReference</string>
			<key>lastKnownFileType</key>
			<string>image.jpeg</string>
			<key>path</key>
			<string>0.JPG</string>
			<key>sourceTree</key>
			<string>&lt;group&gt;</string>
		</dict>
		<key>AF47BD501CC946C2004BBB9B</key>
		<dict>
			<key>isa</key>
			<string>PBXFileReference</string>
			<key>lastKnownFileType</key>
			<string>image.jpeg</string>
			<key>path</key>
			<string>1.JPG</string>
			<key>sourceTree</key>
			<string>&lt;group&gt;</string>
		</dict>
		<key>AF47BD511CC946C2004BBB9B</key>
		<dict>
			<key>isa</key>
			<string>PBXFileReference</string>
			<key>lastKnownFileType</key>
			<string>image.jpeg</string>
			<key>path</key>
			<string>2.JPG</string>
			<key>sourceTree</key>
			<string>&lt;group&gt;</string>
		</dict>
		<key>AF47BD521CC946C2004BBB9B</key>
		<dict>
			<key>isa</key>
			<string>PBXFileReference</string>
			<key>lastKnownFileType</key>
			<string>image.jpeg</string>
			<key>path</key>
			<string>3.JPG</string>
			<key>sourceTree</key>
			<string>&lt;group&gt;</string>
		</dict>
		<key>AF47BD531CC946C2004BBB9B</key>
		<dict>
			<key>isa</key>
			<string>PBXFileReference</string>
			<key>lastKnownFileType</key>
			<string>image.jpeg</string>
			<key>path</key>
			<string>4.JPG</string>
			<key>sourceTree</key>
			<string>&lt;group&gt;</string>
		</dict>
		<key>AF47BD541CC946C2004BBB9B</key>
		<dict>
			<key>fileRef</key>
			<string>AF47BD4F1CC946C2004BBB9B</string>
			<key>isa</key>
			<string>PBXBuildFile</string>
		</dict>
		<key>AF47BD551CC946C2004BBB9B</key>
		<dict>
			<key>fileRef</key>
			<string>AF47BD501CC946C2004BBB9B</string>
			<key>isa</key>
			<string>PBXBuildFile</string>
		</dict>
		<key>AF47BD561CC946C2004BBB9B</key>
		<dict>
			<key>fileRef</key>
			<string>AF47BD511CC946C2004BBB9B</string>
			<key>isa</key>
			<string>PBXBuildFile</string>
		</dict>
		<key>AF47BD571CC946C2004BBB9B</key>
		<dict>
			<key>fileRef</key>
			<string>AF47BD521CC946C2004BBB9B</string>
			<key>isa</key>
			<string>PBXBuildFile</string>
		</dict>
		<key>AF47BD581CC946C2004BBB9B</key>
		<dict>
			<key>fileRef</key>
			<string>AF47BD531CC946C2004BBB9B</string>
			<key>isa</key>
			<string>PBXBuildFile</string>
		</dict>
		<key>AF47BD591CC94771004BBB9B</key>
		<dict>
			<key>fileEncoding</key>
			<string>4</string>
			<key>isa</key>
			<string>PBXFileReference</string>
			<key>lastKnownFileType</key>
			<string>sourcecode.swift</string>
			<key>path</key>
			<string>FollowersCollectionCell.swift</string>
			<key>sourceTree</key>
			<string>&lt;group&gt;</string>
		</dict>
		<key>AF47BD5A1CC94771004BBB9B</key>
		<dict>
			<key>fileRef</key>
			<string>AF47BD591CC94771004BBB9B</string>
			<key>isa</key>
			<string>PBXBuildFile</string>
		</dict>
		<key>B44F35E19859F1ED4E07505C</key>
		<dict>
			<key>includeInIndex</key>
			<string>1</string>
			<key>isa</key>
			<string>PBXFileReference</string>
			<key>lastKnownFileType</key>
			<string>text.xcconfig</string>
			<key>name</key>
			<string>Pods-closetX.debug.xcconfig</string>
			<key>path</key>
			<string>Pods/Target Support Files/Pods-closetX/Pods-closetX.debug.xcconfig</string>
			<key>sourceTree</key>
			<string>&lt;group&gt;</string>
		</dict>
		<key>E322E8FBDF8356C418189104</key>
		<dict>
			<key>buildActionMask</key>
			<string>2147483647</string>
			<key>files</key>
			<array/>
			<key>inputPaths</key>
			<array/>
			<key>isa</key>
			<string>PBXShellScriptBuildPhase</string>
			<key>name</key>
			<string>Check Pods Manifest.lock</string>
			<key>outputPaths</key>
			<array/>
			<key>runOnlyForDeploymentPostprocessing</key>
			<string>0</string>
			<key>shellPath</key>
			<string>/bin/sh</string>
			<key>shellScript</key>
			<string>diff "${PODS_ROOT}/../Podfile.lock" "${PODS_ROOT}/Manifest.lock" &gt; /dev/null
if [[ $? != 0 ]] ; then
    cat &lt;&lt; EOM
error: The sandbox is not in sync with the Podfile.lock. Run 'pod install' or update your CocoaPods installation.
EOM
    exit 1
fi
</string>
			<key>showEnvVarsInLog</key>
			<string>0</string>
		</dict>
		<key>F90A79A1646EC130BA5C7FDA</key>
		<dict>
			<key>explicitFileType</key>
			<string>archive.ar</string>
			<key>includeInIndex</key>
			<string>0</string>
			<key>isa</key>
			<string>PBXFileReference</string>
			<key>path</key>
			<string>libPods-closetX.a</string>
			<key>sourceTree</key>
			<string>BUILT_PRODUCTS_DIR</string>
		</dict>
	</dict>
	<key>rootObject</key>
	<string>AF47BD0F1CC58082004BBB9B</string>
</dict>
</plist>
